// !$*UTF8*$!
{
	archiveVersion = 1;
	classes = {
	};
	objectVersion = 55;
	objects = {

/* Begin PBXBuildFile section */
		EA0F9EE727BBFB760096CFB0 /* AppDelegate.swift in Sources */ = {isa = PBXBuildFile; fileRef = EA0F9EE627BBFB760096CFB0 /* AppDelegate.swift */; };
		EA0F9EF027BBFB780096CFB0 /* Assets.xcassets in Resources */ = {isa = PBXBuildFile; fileRef = EA0F9EEF27BBFB780096CFB0 /* Assets.xcassets */; };
		EA0F9EF327BBFB780096CFB0 /* LaunchScreen.storyboard in Resources */ = {isa = PBXBuildFile; fileRef = EA0F9EF127BBFB780096CFB0 /* LaunchScreen.storyboard */; };
		EA0F9EFE27BBFB780096CFB0 /* CarMisrTests.swift in Sources */ = {isa = PBXBuildFile; fileRef = EA0F9EFD27BBFB780096CFB0 /* CarMisrTests.swift */; };
		EA0F9F0827BBFB780096CFB0 /* CarMisrUITests.swift in Sources */ = {isa = PBXBuildFile; fileRef = EA0F9F0727BBFB780096CFB0 /* CarMisrUITests.swift */; };
		EA0F9F0A27BBFB780096CFB0 /* CarMisrUITestsLaunchTests.swift in Sources */ = {isa = PBXBuildFile; fileRef = EA0F9F0927BBFB780096CFB0 /* CarMisrUITestsLaunchTests.swift */; };
		EA0F9F5127BC03700096CFB0 /* ApiError.swift in Sources */ = {isa = PBXBuildFile; fileRef = EA0F9F4E27BC03700096CFB0 /* ApiError.swift */; };
		EA0F9F5227BC03700096CFB0 /* ApiProtocol.swift in Sources */ = {isa = PBXBuildFile; fileRef = EA0F9F4F27BC03700096CFB0 /* ApiProtocol.swift */; };
		EA0F9F5327BC03700096CFB0 /* ApiService.swift in Sources */ = {isa = PBXBuildFile; fileRef = EA0F9F5027BC03700096CFB0 /* ApiService.swift */; };
		EA0F9F5727BC05120096CFB0 /* BaseViewCell.swift in Sources */ = {isa = PBXBuildFile; fileRef = EA0F9F5627BC05120096CFB0 /* BaseViewCell.swift */; };
		EA0F9F5927BC056F0096CFB0 /* AppCoordinator.swift in Sources */ = {isa = PBXBuildFile; fileRef = EA0F9F5827BC056F0096CFB0 /* AppCoordinator.swift */; };
		EA0F9F5B27BC064D0096CFB0 /* MainCoordinator.swift in Sources */ = {isa = PBXBuildFile; fileRef = EA0F9F5A27BC064D0096CFB0 /* MainCoordinator.swift */; };
		EA0F9F5E27BC07730096CFB0 /* MakeViewController.swift in Sources */ = {isa = PBXBuildFile; fileRef = EA0F9F5C27BC07730096CFB0 /* MakeViewController.swift */; };
		EA0F9F5F27BC07730096CFB0 /* MakeViewController.xib in Resources */ = {isa = PBXBuildFile; fileRef = EA0F9F5D27BC07730096CFB0 /* MakeViewController.xib */; };
		EA0F9F6327BC3DEB0096CFB0 /* Colors.swift in Sources */ = {isa = PBXBuildFile; fileRef = EA0F9F6227BC3DEB0096CFB0 /* Colors.swift */; };
		EA0F9F6827BC40180096CFB0 /* MakeTableViewCell.swift in Sources */ = {isa = PBXBuildFile; fileRef = EA0F9F6627BC40180096CFB0 /* MakeTableViewCell.swift */; };
		EA0F9F6927BC40180096CFB0 /* MakeTableViewCell.xib in Resources */ = {isa = PBXBuildFile; fileRef = EA0F9F6727BC40180096CFB0 /* MakeTableViewCell.xib */; };
		EA0F9F6F27BC45BD0096CFB0 /* ModelViewController.swift in Sources */ = {isa = PBXBuildFile; fileRef = EA0F9F6D27BC45BD0096CFB0 /* ModelViewController.swift */; };
		EA0F9F7027BC45BD0096CFB0 /* ModelViewController.xib in Resources */ = {isa = PBXBuildFile; fileRef = EA0F9F6E27BC45BD0096CFB0 /* ModelViewController.xib */; };
		EA0F9F7327BC46760096CFB0 /* ModelTableViewCell.swift in Sources */ = {isa = PBXBuildFile; fileRef = EA0F9F7127BC46760096CFB0 /* ModelTableViewCell.swift */; };
		EA0F9F7427BC46760096CFB0 /* ModelTableViewCell.xib in Resources */ = {isa = PBXBuildFile; fileRef = EA0F9F7227BC46760096CFB0 /* ModelTableViewCell.xib */; };
/* End PBXBuildFile section */

/* Begin PBXContainerItemProxy section */
		EA0F9EFA27BBFB780096CFB0 /* PBXContainerItemProxy */ = {
			isa = PBXContainerItemProxy;
			containerPortal = EA0F9EDB27BBFB760096CFB0 /* Project object */;
			proxyType = 1;
			remoteGlobalIDString = EA0F9EE227BBFB760096CFB0;
			remoteInfo = CarMisr;
		};
		EA0F9F0427BBFB780096CFB0 /* PBXContainerItemProxy */ = {
			isa = PBXContainerItemProxy;
			containerPortal = EA0F9EDB27BBFB760096CFB0 /* Project object */;
			proxyType = 1;
			remoteGlobalIDString = EA0F9EE227BBFB760096CFB0;
			remoteInfo = CarMisr;
		};
/* End PBXContainerItemProxy section */

/* Begin PBXFileReference section */
		EA0F9EE327BBFB760096CFB0 /* CarMisr.app */ = {isa = PBXFileReference; explicitFileType = wrapper.application; includeInIndex = 0; path = CarMisr.app; sourceTree = BUILT_PRODUCTS_DIR; };
		EA0F9EE627BBFB760096CFB0 /* AppDelegate.swift */ = {isa = PBXFileReference; lastKnownFileType = sourcecode.swift; path = AppDelegate.swift; sourceTree = "<group>"; };
		EA0F9EEF27BBFB780096CFB0 /* Assets.xcassets */ = {isa = PBXFileReference; lastKnownFileType = folder.assetcatalog; path = Assets.xcassets; sourceTree = "<group>"; };
		EA0F9EF227BBFB780096CFB0 /* Base */ = {isa = PBXFileReference; lastKnownFileType = file.storyboard; name = Base; path = Base.lproj/LaunchScreen.storyboard; sourceTree = "<group>"; };
		EA0F9EF427BBFB780096CFB0 /* Info.plist */ = {isa = PBXFileReference; lastKnownFileType = text.plist.xml; path = Info.plist; sourceTree = "<group>"; };
		EA0F9EF927BBFB780096CFB0 /* CarMisrTests.xctest */ = {isa = PBXFileReference; explicitFileType = wrapper.cfbundle; includeInIndex = 0; path = CarMisrTests.xctest; sourceTree = BUILT_PRODUCTS_DIR; };
		EA0F9EFD27BBFB780096CFB0 /* CarMisrTests.swift */ = {isa = PBXFileReference; lastKnownFileType = sourcecode.swift; path = CarMisrTests.swift; sourceTree = "<group>"; };
		EA0F9F0327BBFB780096CFB0 /* CarMisrUITests.xctest */ = {isa = PBXFileReference; explicitFileType = wrapper.cfbundle; includeInIndex = 0; path = CarMisrUITests.xctest; sourceTree = BUILT_PRODUCTS_DIR; };
		EA0F9F0727BBFB780096CFB0 /* CarMisrUITests.swift */ = {isa = PBXFileReference; lastKnownFileType = sourcecode.swift; path = CarMisrUITests.swift; sourceTree = "<group>"; };
		EA0F9F0927BBFB780096CFB0 /* CarMisrUITestsLaunchTests.swift */ = {isa = PBXFileReference; lastKnownFileType = sourcecode.swift; path = CarMisrUITestsLaunchTests.swift; sourceTree = "<group>"; };
		EA0F9F4E27BC03700096CFB0 /* ApiError.swift */ = {isa = PBXFileReference; fileEncoding = 4; lastKnownFileType = sourcecode.swift; path = ApiError.swift; sourceTree = "<group>"; };
		EA0F9F4F27BC03700096CFB0 /* ApiProtocol.swift */ = {isa = PBXFileReference; fileEncoding = 4; lastKnownFileType = sourcecode.swift; path = ApiProtocol.swift; sourceTree = "<group>"; };
		EA0F9F5027BC03700096CFB0 /* ApiService.swift */ = {isa = PBXFileReference; fileEncoding = 4; lastKnownFileType = sourcecode.swift; path = ApiService.swift; sourceTree = "<group>"; };
		EA0F9F5627BC05120096CFB0 /* BaseViewCell.swift */ = {isa = PBXFileReference; fileEncoding = 4; lastKnownFileType = sourcecode.swift; path = BaseViewCell.swift; sourceTree = "<group>"; };
		EA0F9F5827BC056F0096CFB0 /* AppCoordinator.swift */ = {isa = PBXFileReference; lastKnownFileType = sourcecode.swift; path = AppCoordinator.swift; sourceTree = "<group>"; };
		EA0F9F5A27BC064D0096CFB0 /* MainCoordinator.swift */ = {isa = PBXFileReference; lastKnownFileType = sourcecode.swift; path = MainCoordinator.swift; sourceTree = "<group>"; };
		EA0F9F5C27BC07730096CFB0 /* MakeViewController.swift */ = {isa = PBXFileReference; lastKnownFileType = sourcecode.swift; path = MakeViewController.swift; sourceTree = "<group>"; };
		EA0F9F5D27BC07730096CFB0 /* MakeViewController.xib */ = {isa = PBXFileReference; lastKnownFileType = file.xib; path = MakeViewController.xib; sourceTree = "<group>"; };
		EA0F9F6227BC3DEB0096CFB0 /* Colors.swift */ = {isa = PBXFileReference; lastKnownFileType = sourcecode.swift; path = Colors.swift; sourceTree = "<group>"; };
		EA0F9F6627BC40180096CFB0 /* MakeTableViewCell.swift */ = {isa = PBXFileReference; lastKnownFileType = sourcecode.swift; path = MakeTableViewCell.swift; sourceTree = "<group>"; };
		EA0F9F6727BC40180096CFB0 /* MakeTableViewCell.xib */ = {isa = PBXFileReference; lastKnownFileType = file.xib; path = MakeTableViewCell.xib; sourceTree = "<group>"; };
		EA0F9F6D27BC45BD0096CFB0 /* ModelViewController.swift */ = {isa = PBXFileReference; lastKnownFileType = sourcecode.swift; path = ModelViewController.swift; sourceTree = "<group>"; };
		EA0F9F6E27BC45BD0096CFB0 /* ModelViewController.xib */ = {isa = PBXFileReference; lastKnownFileType = file.xib; path = ModelViewController.xib; sourceTree = "<group>"; };
		EA0F9F7127BC46760096CFB0 /* ModelTableViewCell.swift */ = {isa = PBXFileReference; lastKnownFileType = sourcecode.swift; path = ModelTableViewCell.swift; sourceTree = "<group>"; };
		EA0F9F7227BC46760096CFB0 /* ModelTableViewCell.xib */ = {isa = PBXFileReference; lastKnownFileType = file.xib; path = ModelTableViewCell.xib; sourceTree = "<group>"; };
/* End PBXFileReference section */

/* Begin PBXFrameworksBuildPhase section */
		EA0F9EE027BBFB760096CFB0 /* Frameworks */ = {
			isa = PBXFrameworksBuildPhase;
			buildActionMask = 2147483647;
			files = (
			);
			runOnlyForDeploymentPostprocessing = 0;
		};
		EA0F9EF627BBFB780096CFB0 /* Frameworks */ = {
			isa = PBXFrameworksBuildPhase;
			buildActionMask = 2147483647;
			files = (
			);
			runOnlyForDeploymentPostprocessing = 0;
		};
		EA0F9F0027BBFB780096CFB0 /* Frameworks */ = {
			isa = PBXFrameworksBuildPhase;
			buildActionMask = 2147483647;
			files = (
			);
			runOnlyForDeploymentPostprocessing = 0;
		};
/* End PBXFrameworksBuildPhase section */

/* Begin PBXGroup section */
		EA0F9EDA27BBFB760096CFB0 = {
			isa = PBXGroup;
			children = (
				EA0F9EE527BBFB760096CFB0 /* CarMisr */,
				EA0F9EFC27BBFB780096CFB0 /* CarMisrTests */,
				EA0F9F0627BBFB780096CFB0 /* CarMisrUITests */,
				EA0F9EE427BBFB760096CFB0 /* Products */,
			);
			sourceTree = "<group>";
		};
		EA0F9EE427BBFB760096CFB0 /* Products */ = {
			isa = PBXGroup;
			children = (
				EA0F9EE327BBFB760096CFB0 /* CarMisr.app */,
				EA0F9EF927BBFB780096CFB0 /* CarMisrTests.xctest */,
				EA0F9F0327BBFB780096CFB0 /* CarMisrUITests.xctest */,
			);
			name = Products;
			sourceTree = "<group>";
		};
		EA0F9EE527BBFB760096CFB0 /* CarMisr */ = {
			isa = PBXGroup;
			children = (
				EA0F9F4327BC02970096CFB0 /* Infrastructure */,
				EA0F9F3E27BC02470096CFB0 /* Application */,
				EA0F9F3F27BC02470096CFB0 /* Core */,
				EA0F9F3D27BC02470096CFB0 /* Repository */,
				EA0F9F4027BC02480096CFB0 /* Presentation */,
				EA0F9EF427BBFB780096CFB0 /* Info.plist */,
			);
			path = CarMisr;
			sourceTree = "<group>";
		};
		EA0F9EFC27BBFB780096CFB0 /* CarMisrTests */ = {
			isa = PBXGroup;
			children = (
				EA0F9EFD27BBFB780096CFB0 /* CarMisrTests.swift */,
			);
			path = CarMisrTests;
			sourceTree = "<group>";
		};
		EA0F9F0627BBFB780096CFB0 /* CarMisrUITests */ = {
			isa = PBXGroup;
			children = (
				EA0F9F0727BBFB780096CFB0 /* CarMisrUITests.swift */,
				EA0F9F0927BBFB780096CFB0 /* CarMisrUITestsLaunchTests.swift */,
			);
			path = CarMisrUITests;
			sourceTree = "<group>";
		};
		EA0F9F3D27BC02470096CFB0 /* Repository */ = {
			isa = PBXGroup;
			children = (
			);
			path = Repository;
			sourceTree = "<group>";
		};
		EA0F9F3E27BC02470096CFB0 /* Application */ = {
			isa = PBXGroup;
			children = (
			);
			path = Application;
			sourceTree = "<group>";
		};
		EA0F9F3F27BC02470096CFB0 /* Core */ = {
			isa = PBXGroup;
			children = (
				EA0F9F4C27BC02E90096CFB0 /* Models */,
				EA0F9F4B27BC02E20096CFB0 /* UseCases */,
			);
			path = Core;
			sourceTree = "<group>";
		};
		EA0F9F4027BC02480096CFB0 /* Presentation */ = {
			isa = PBXGroup;
			children = (
				EA0F9F6127BC07BF0096CFB0 /* Views */,
				EA0F9F4A27BC02CD0096CFB0 /* ViewModels */,
			);
			path = Presentation;
			sourceTree = "<group>";
		};
		EA0F9F4327BC02970096CFB0 /* Infrastructure */ = {
			isa = PBXGroup;
			children = (
				EA0F9F4427BC02970096CFB0 /* Networking */,
				EA0F9F4527BC02970096CFB0 /* Extenstions */,
				EA0F9F4627BC02970096CFB0 /* Bases */,
				EA0F9F4727BC02970096CFB0 /* Routing */,
				EA0F9F4827BC02970096CFB0 /* SystemDesign */,
			);
			path = Infrastructure;
			sourceTree = "<group>";
		};
		EA0F9F4427BC02970096CFB0 /* Networking */ = {
			isa = PBXGroup;
			children = (
				EA0F9F4E27BC03700096CFB0 /* ApiError.swift */,
				EA0F9F4F27BC03700096CFB0 /* ApiProtocol.swift */,
				EA0F9F5027BC03700096CFB0 /* ApiService.swift */,
			);
			path = Networking;
			sourceTree = "<group>";
		};
		EA0F9F4527BC02970096CFB0 /* Extenstions */ = {
			isa = PBXGroup;
			children = (
			);
			path = Extenstions;
			sourceTree = "<group>";
		};
		EA0F9F4627BC02970096CFB0 /* Bases */ = {
			isa = PBXGroup;
			children = (
				EA0F9F5627BC05120096CFB0 /* BaseViewCell.swift */,
			);
			path = Bases;
			sourceTree = "<group>";
		};
		EA0F9F4727BC02970096CFB0 /* Routing */ = {
			isa = PBXGroup;
			children = (
				EA0F9EE627BBFB760096CFB0 /* AppDelegate.swift */,
				EA0F9F5827BC056F0096CFB0 /* AppCoordinator.swift */,
				EA0F9F5A27BC064D0096CFB0 /* MainCoordinator.swift */,
			);
			path = Routing;
			sourceTree = "<group>";
		};
		EA0F9F4827BC02970096CFB0 /* SystemDesign */ = {
			isa = PBXGroup;
			children = (
				EA0F9EEF27BBFB780096CFB0 /* Assets.xcassets */,
				EA0F9EF127BBFB780096CFB0 /* LaunchScreen.storyboard */,
				EA0F9F6227BC3DEB0096CFB0 /* Colors.swift */,
			);
			path = SystemDesign;
			sourceTree = "<group>";
		};
		EA0F9F4A27BC02CD0096CFB0 /* ViewModels */ = {
			isa = PBXGroup;
			children = (
			);
			path = ViewModels;
			sourceTree = "<group>";
		};
		EA0F9F4B27BC02E20096CFB0 /* UseCases */ = {
			isa = PBXGroup;
			children = (
			);
			path = UseCases;
			sourceTree = "<group>";
		};
		EA0F9F4C27BC02E90096CFB0 /* Models */ = {
			isa = PBXGroup;
			children = (
			);
			path = Models;
			sourceTree = "<group>";
		};
		EA0F9F6027BC07880096CFB0 /* Makes */ = {
			isa = PBXGroup;
			children = (
				EA0F9F5C27BC07730096CFB0 /* MakeViewController.swift */,
				EA0F9F5D27BC07730096CFB0 /* MakeViewController.xib */,
				EA0F9F6627BC40180096CFB0 /* MakeTableViewCell.swift */,
				EA0F9F6727BC40180096CFB0 /* MakeTableViewCell.xib */,
			);
			path = Makes;
			sourceTree = "<group>";
		};
		EA0F9F6127BC07BF0096CFB0 /* Views */ = {
			isa = PBXGroup;
			children = (
				EA0F9F6A27BC456B0096CFB0 /* Models */,
				EA0F9F6027BC07880096CFB0 /* Makes */,
			);
			path = Views;
			sourceTree = "<group>";
		};
		EA0F9F6A27BC456B0096CFB0 /* Models */ = {
			isa = PBXGroup;
			children = (
				EA0F9F6D27BC45BD0096CFB0 /* ModelViewController.swift */,
				EA0F9F6E27BC45BD0096CFB0 /* ModelViewController.xib */,
				EA0F9F7127BC46760096CFB0 /* ModelTableViewCell.swift */,
				EA0F9F7227BC46760096CFB0 /* ModelTableViewCell.xib */,
			);
			path = Models;
			sourceTree = "<group>";
		};
/* End PBXGroup section */

/* Begin PBXNativeTarget section */
		EA0F9EE227BBFB760096CFB0 /* CarMisr */ = {
			isa = PBXNativeTarget;
			buildConfigurationList = EA0F9F0D27BBFB780096CFB0 /* Build configuration list for PBXNativeTarget "CarMisr" */;
			buildPhases = (
				EA0F9EDF27BBFB760096CFB0 /* Sources */,
				EA0F9EE027BBFB760096CFB0 /* Frameworks */,
				EA0F9EE127BBFB760096CFB0 /* Resources */,
			);
			buildRules = (
			);
			dependencies = (
			);
			name = CarMisr;
			productName = CarMisr;
			productReference = EA0F9EE327BBFB760096CFB0 /* CarMisr.app */;
			productType = "com.apple.product-type.application";
		};
		EA0F9EF827BBFB780096CFB0 /* CarMisrTests */ = {
			isa = PBXNativeTarget;
			buildConfigurationList = EA0F9F1027BBFB780096CFB0 /* Build configuration list for PBXNativeTarget "CarMisrTests" */;
			buildPhases = (
				EA0F9EF527BBFB780096CFB0 /* Sources */,
				EA0F9EF627BBFB780096CFB0 /* Frameworks */,
				EA0F9EF727BBFB780096CFB0 /* Resources */,
			);
			buildRules = (
			);
			dependencies = (
				EA0F9EFB27BBFB780096CFB0 /* PBXTargetDependency */,
			);
			name = CarMisrTests;
			productName = CarMisrTests;
			productReference = EA0F9EF927BBFB780096CFB0 /* CarMisrTests.xctest */;
			productType = "com.apple.product-type.bundle.unit-test";
		};
		EA0F9F0227BBFB780096CFB0 /* CarMisrUITests */ = {
			isa = PBXNativeTarget;
			buildConfigurationList = EA0F9F1327BBFB780096CFB0 /* Build configuration list for PBXNativeTarget "CarMisrUITests" */;
			buildPhases = (
				EA0F9EFF27BBFB780096CFB0 /* Sources */,
				EA0F9F0027BBFB780096CFB0 /* Frameworks */,
				EA0F9F0127BBFB780096CFB0 /* Resources */,
			);
			buildRules = (
			);
			dependencies = (
				EA0F9F0527BBFB780096CFB0 /* PBXTargetDependency */,
			);
			name = CarMisrUITests;
			productName = CarMisrUITests;
			productReference = EA0F9F0327BBFB780096CFB0 /* CarMisrUITests.xctest */;
			productType = "com.apple.product-type.bundle.ui-testing";
		};
/* End PBXNativeTarget section */

/* Begin PBXProject section */
		EA0F9EDB27BBFB760096CFB0 /* Project object */ = {
			isa = PBXProject;
			attributes = {
				BuildIndependentTargetsInParallel = 1;
				LastSwiftUpdateCheck = 1320;
				LastUpgradeCheck = 1320;
				TargetAttributes = {
					EA0F9EE227BBFB760096CFB0 = {
						CreatedOnToolsVersion = 13.2.1;
					};
					EA0F9EF827BBFB780096CFB0 = {
						CreatedOnToolsVersion = 13.2.1;
						TestTargetID = EA0F9EE227BBFB760096CFB0;
					};
					EA0F9F0227BBFB780096CFB0 = {
						CreatedOnToolsVersion = 13.2.1;
						TestTargetID = EA0F9EE227BBFB760096CFB0;
					};
				};
			};
			buildConfigurationList = EA0F9EDE27BBFB760096CFB0 /* Build configuration list for PBXProject "CarMisr" */;
			compatibilityVersion = "Xcode 13.0";
			developmentRegion = en;
			hasScannedForEncodings = 0;
			knownRegions = (
				en,
				Base,
			);
			mainGroup = EA0F9EDA27BBFB760096CFB0;
			productRefGroup = EA0F9EE427BBFB760096CFB0 /* Products */;
			projectDirPath = "";
			projectRoot = "";
			targets = (
				EA0F9EE227BBFB760096CFB0 /* CarMisr */,
				EA0F9EF827BBFB780096CFB0 /* CarMisrTests */,
				EA0F9F0227BBFB780096CFB0 /* CarMisrUITests */,
			);
		};
/* End PBXProject section */

/* Begin PBXResourcesBuildPhase section */
		EA0F9EE127BBFB760096CFB0 /* Resources */ = {
			isa = PBXResourcesBuildPhase;
			buildActionMask = 2147483647;
			files = (
				EA0F9F5F27BC07730096CFB0 /* MakeViewController.xib in Resources */,
				EA0F9EF327BBFB780096CFB0 /* LaunchScreen.storyboard in Resources */,
				EA0F9EF027BBFB780096CFB0 /* Assets.xcassets in Resources */,
				EA0F9F7427BC46760096CFB0 /* ModelTableViewCell.xib in Resources */,
				EA0F9F6927BC40180096CFB0 /* MakeTableViewCell.xib in Resources */,
				EA0F9F7027BC45BD0096CFB0 /* ModelViewController.xib in Resources */,
			);
			runOnlyForDeploymentPostprocessing = 0;
		};
		EA0F9EF727BBFB780096CFB0 /* Resources */ = {
			isa = PBXResourcesBuildPhase;
			buildActionMask = 2147483647;
			files = (
			);
			runOnlyForDeploymentPostprocessing = 0;
		};
		EA0F9F0127BBFB780096CFB0 /* Resources */ = {
			isa = PBXResourcesBuildPhase;
			buildActionMask = 2147483647;
			files = (
			);
			runOnlyForDeploymentPostprocessing = 0;
		};
/* End PBXResourcesBuildPhase section */

/* Begin PBXSourcesBuildPhase section */
		EA0F9EDF27BBFB760096CFB0 /* Sources */ = {
			isa = PBXSourcesBuildPhase;
			buildActionMask = 2147483647;
			files = (
				EA0F9F5227BC03700096CFB0 /* ApiProtocol.swift in Sources */,
				EA0F9F6327BC3DEB0096CFB0 /* Colors.swift in Sources */,
				EA0F9F5B27BC064D0096CFB0 /* MainCoordinator.swift in Sources */,
				EA0F9F5727BC05120096CFB0 /* BaseViewCell.swift in Sources */,
				EA0F9F5327BC03700096CFB0 /* ApiService.swift in Sources */,
				EA0F9EE727BBFB760096CFB0 /* AppDelegate.swift in Sources */,
				EA0F9F6F27BC45BD0096CFB0 /* ModelViewController.swift in Sources */,
				EA0F9F7327BC46760096CFB0 /* ModelTableViewCell.swift in Sources */,
				EA0F9F5E27BC07730096CFB0 /* MakeViewController.swift in Sources */,
				EA0F9F6827BC40180096CFB0 /* MakeTableViewCell.swift in Sources */,
				EA0F9F5127BC03700096CFB0 /* ApiError.swift in Sources */,
				EA0F9F5927BC056F0096CFB0 /* AppCoordinator.swift in Sources */,
			);
			runOnlyForDeploymentPostprocessing = 0;
		};
		EA0F9EF527BBFB780096CFB0 /* Sources */ = {
			isa = PBXSourcesBuildPhase;
			buildActionMask = 2147483647;
			files = (
				EA0F9EFE27BBFB780096CFB0 /* CarMisrTests.swift in Sources */,
			);
			runOnlyForDeploymentPostprocessing = 0;
		};
		EA0F9EFF27BBFB780096CFB0 /* Sources */ = {
			isa = PBXSourcesBuildPhase;
			buildActionMask = 2147483647;
			files = (
				EA0F9F0A27BBFB780096CFB0 /* CarMisrUITestsLaunchTests.swift in Sources */,
				EA0F9F0827BBFB780096CFB0 /* CarMisrUITests.swift in Sources */,
			);
			runOnlyForDeploymentPostprocessing = 0;
		};
/* End PBXSourcesBuildPhase section */

/* Begin PBXTargetDependency section */
		EA0F9EFB27BBFB780096CFB0 /* PBXTargetDependency */ = {
			isa = PBXTargetDependency;
			target = EA0F9EE227BBFB760096CFB0 /* CarMisr */;
			targetProxy = EA0F9EFA27BBFB780096CFB0 /* PBXContainerItemProxy */;
		};
		EA0F9F0527BBFB780096CFB0 /* PBXTargetDependency */ = {
			isa = PBXTargetDependency;
			target = EA0F9EE227BBFB760096CFB0 /* CarMisr */;
			targetProxy = EA0F9F0427BBFB780096CFB0 /* PBXContainerItemProxy */;
		};
/* End PBXTargetDependency section */

/* Begin PBXVariantGroup section */
		EA0F9EF127BBFB780096CFB0 /* LaunchScreen.storyboard */ = {
			isa = PBXVariantGroup;
			children = (
				EA0F9EF227BBFB780096CFB0 /* Base */,
			);
			name = LaunchScreen.storyboard;
			sourceTree = "<group>";
		};
/* End PBXVariantGroup section */

/* Begin XCBuildConfiguration section */
		EA0F9F0B27BBFB780096CFB0 /* Debug */ = {
			isa = XCBuildConfiguration;
			buildSettings = {
				ALWAYS_SEARCH_USER_PATHS = NO;
				CLANG_ANALYZER_NONNULL = YES;
				CLANG_ANALYZER_NUMBER_OBJECT_CONVERSION = YES_AGGRESSIVE;
				CLANG_CXX_LANGUAGE_STANDARD = "gnu++17";
				CLANG_CXX_LIBRARY = "libc++";
				CLANG_ENABLE_MODULES = YES;
				CLANG_ENABLE_OBJC_ARC = YES;
				CLANG_ENABLE_OBJC_WEAK = YES;
				CLANG_WARN_BLOCK_CAPTURE_AUTORELEASING = YES;
				CLANG_WARN_BOOL_CONVERSION = YES;
				CLANG_WARN_COMMA = YES;
				CLANG_WARN_CONSTANT_CONVERSION = YES;
				CLANG_WARN_DEPRECATED_OBJC_IMPLEMENTATIONS = YES;
				CLANG_WARN_DIRECT_OBJC_ISA_USAGE = YES_ERROR;
				CLANG_WARN_DOCUMENTATION_COMMENTS = YES;
				CLANG_WARN_EMPTY_BODY = YES;
				CLANG_WARN_ENUM_CONVERSION = YES;
				CLANG_WARN_INFINITE_RECURSION = YES;
				CLANG_WARN_INT_CONVERSION = YES;
				CLANG_WARN_NON_LITERAL_NULL_CONVERSION = YES;
				CLANG_WARN_OBJC_IMPLICIT_RETAIN_SELF = YES;
				CLANG_WARN_OBJC_LITERAL_CONVERSION = YES;
				CLANG_WARN_OBJC_ROOT_CLASS = YES_ERROR;
				CLANG_WARN_QUOTED_INCLUDE_IN_FRAMEWORK_HEADER = YES;
				CLANG_WARN_RANGE_LOOP_ANALYSIS = YES;
				CLANG_WARN_STRICT_PROTOTYPES = YES;
				CLANG_WARN_SUSPICIOUS_MOVE = YES;
				CLANG_WARN_UNGUARDED_AVAILABILITY = YES_AGGRESSIVE;
				CLANG_WARN_UNREACHABLE_CODE = YES;
				CLANG_WARN__DUPLICATE_METHOD_MATCH = YES;
				COPY_PHASE_STRIP = NO;
				DEBUG_INFORMATION_FORMAT = dwarf;
				ENABLE_STRICT_OBJC_MSGSEND = YES;
				ENABLE_TESTABILITY = YES;
				GCC_C_LANGUAGE_STANDARD = gnu11;
				GCC_DYNAMIC_NO_PIC = NO;
				GCC_NO_COMMON_BLOCKS = YES;
				GCC_OPTIMIZATION_LEVEL = 0;
				GCC_PREPROCESSOR_DEFINITIONS = (
					"DEBUG=1",
					"$(inherited)",
				);
				GCC_WARN_64_TO_32_BIT_CONVERSION = YES;
				GCC_WARN_ABOUT_RETURN_TYPE = YES_ERROR;
				GCC_WARN_UNDECLARED_SELECTOR = YES;
				GCC_WARN_UNINITIALIZED_AUTOS = YES_AGGRESSIVE;
				GCC_WARN_UNUSED_FUNCTION = YES;
				GCC_WARN_UNUSED_VARIABLE = YES;
				IPHONEOS_DEPLOYMENT_TARGET = 15.2;
				MTL_ENABLE_DEBUG_INFO = INCLUDE_SOURCE;
				MTL_FAST_MATH = YES;
				ONLY_ACTIVE_ARCH = YES;
				SDKROOT = iphoneos;
				SWIFT_ACTIVE_COMPILATION_CONDITIONS = DEBUG;
				SWIFT_OPTIMIZATION_LEVEL = "-Onone";
			};
			name = Debug;
		};
		EA0F9F0C27BBFB780096CFB0 /* Release */ = {
			isa = XCBuildConfiguration;
			buildSettings = {
				ALWAYS_SEARCH_USER_PATHS = NO;
				CLANG_ANALYZER_NONNULL = YES;
				CLANG_ANALYZER_NUMBER_OBJECT_CONVERSION = YES_AGGRESSIVE;
				CLANG_CXX_LANGUAGE_STANDARD = "gnu++17";
				CLANG_CXX_LIBRARY = "libc++";
				CLANG_ENABLE_MODULES = YES;
				CLANG_ENABLE_OBJC_ARC = YES;
				CLANG_ENABLE_OBJC_WEAK = YES;
				CLANG_WARN_BLOCK_CAPTURE_AUTORELEASING = YES;
				CLANG_WARN_BOOL_CONVERSION = YES;
				CLANG_WARN_COMMA = YES;
				CLANG_WARN_CONSTANT_CONVERSION = YES;
				CLANG_WARN_DEPRECATED_OBJC_IMPLEMENTATIONS = YES;
				CLANG_WARN_DIRECT_OBJC_ISA_USAGE = YES_ERROR;
				CLANG_WARN_DOCUMENTATION_COMMENTS = YES;
				CLANG_WARN_EMPTY_BODY = YES;
				CLANG_WARN_ENUM_CONVERSION = YES;
				CLANG_WARN_INFINITE_RECURSION = YES;
				CLANG_WARN_INT_CONVERSION = YES;
				CLANG_WARN_NON_LITERAL_NULL_CONVERSION = YES;
				CLANG_WARN_OBJC_IMPLICIT_RETAIN_SELF = YES;
				CLANG_WARN_OBJC_LITERAL_CONVERSION = YES;
				CLANG_WARN_OBJC_ROOT_CLASS = YES_ERROR;
				CLANG_WARN_QUOTED_INCLUDE_IN_FRAMEWORK_HEADER = YES;
				CLANG_WARN_RANGE_LOOP_ANALYSIS = YES;
				CLANG_WARN_STRICT_PROTOTYPES = YES;
				CLANG_WARN_SUSPICIOUS_MOVE = YES;
				CLANG_WARN_UNGUARDED_AVAILABILITY = YES_AGGRESSIVE;
				CLANG_WARN_UNREACHABLE_CODE = YES;
				CLANG_WARN__DUPLICATE_METHOD_MATCH = YES;
				COPY_PHASE_STRIP = NO;
				DEBUG_INFORMATION_FORMAT = "dwarf-with-dsym";
				ENABLE_NS_ASSERTIONS = NO;
				ENABLE_STRICT_OBJC_MSGSEND = YES;
				GCC_C_LANGUAGE_STANDARD = gnu11;
				GCC_NO_COMMON_BLOCKS = YES;
				GCC_WARN_64_TO_32_BIT_CONVERSION = YES;
				GCC_WARN_ABOUT_RETURN_TYPE = YES_ERROR;
				GCC_WARN_UNDECLARED_SELECTOR = YES;
				GCC_WARN_UNINITIALIZED_AUTOS = YES_AGGRESSIVE;
				GCC_WARN_UNUSED_FUNCTION = YES;
				GCC_WARN_UNUSED_VARIABLE = YES;
				IPHONEOS_DEPLOYMENT_TARGET = 15.2;
				MTL_ENABLE_DEBUG_INFO = NO;
				MTL_FAST_MATH = YES;
				SDKROOT = iphoneos;
				SWIFT_COMPILATION_MODE = wholemodule;
				SWIFT_OPTIMIZATION_LEVEL = "-O";
				VALIDATE_PRODUCT = YES;
			};
			name = Release;
		};
		EA0F9F0E27BBFB780096CFB0 /* Debug */ = {
			isa = XCBuildConfiguration;
			buildSettings = {
				ASSETCATALOG_COMPILER_APPICON_NAME = AppIcon;
				ASSETCATALOG_COMPILER_GLOBAL_ACCENT_COLOR_NAME = AccentColor;
				CODE_SIGN_STYLE = Automatic;
				CURRENT_PROJECT_VERSION = 1;
				GENERATE_INFOPLIST_FILE = YES;
				INFOPLIST_FILE = CarMisr/Info.plist;
				INFOPLIST_KEY_UIApplicationSupportsIndirectInputEvents = YES;
				INFOPLIST_KEY_UILaunchStoryboardName = LaunchScreen;
				INFOPLIST_KEY_UISupportedInterfaceOrientations_iPad = "UIInterfaceOrientationPortrait UIInterfaceOrientationPortraitUpsideDown UIInterfaceOrientationLandscapeLeft UIInterfaceOrientationLandscapeRight";
				INFOPLIST_KEY_UISupportedInterfaceOrientations_iPhone = "UIInterfaceOrientationPortrait UIInterfaceOrientationLandscapeLeft UIInterfaceOrientationLandscapeRight";
				LD_RUNPATH_SEARCH_PATHS = (
					"$(inherited)",
					"@executable_path/Frameworks",
				);
				MARKETING_VERSION = 1.0;
				PRODUCT_BUNDLE_IDENTIFIER = abumandour.CarMisr;
				PRODUCT_NAME = "$(TARGET_NAME)";
				SWIFT_EMIT_LOC_STRINGS = YES;
				SWIFT_VERSION = 5.0;
				TARGETED_DEVICE_FAMILY = "1,2";
			};
			name = Debug;
		};
		EA0F9F0F27BBFB780096CFB0 /* Release */ = {
			isa = XCBuildConfiguration;
			buildSettings = {
				ASSETCATALOG_COMPILER_APPICON_NAME = AppIcon;
				ASSETCATALOG_COMPILER_GLOBAL_ACCENT_COLOR_NAME = AccentColor;
				CODE_SIGN_STYLE = Automatic;
				CURRENT_PROJECT_VERSION = 1;
				GENERATE_INFOPLIST_FILE = YES;
				INFOPLIST_FILE = CarMisr/Info.plist;
				INFOPLIST_KEY_UIApplicationSupportsIndirectInputEvents = YES;
				INFOPLIST_KEY_UILaunchStoryboardName = LaunchScreen;
				INFOPLIST_KEY_UISupportedInterfaceOrientations_iPad = "UIInterfaceOrientationPortrait UIInterfaceOrientationPortraitUpsideDown UIInterfaceOrientationLandscapeLeft UIInterfaceOrientationLandscapeRight";
				INFOPLIST_KEY_UISupportedInterfaceOrientations_iPhone = "UIInterfaceOrientationPortrait UIInterfaceOrientationLandscapeLeft UIInterfaceOrientationLandscapeRight";
				LD_RUNPATH_SEARCH_PATHS = (
					"$(inherited)",
					"@executable_path/Frameworks",
				);
				MARKETING_VERSION = 1.0;
				PRODUCT_BUNDLE_IDENTIFIER = abumandour.CarMisr;
				PRODUCT_NAME = "$(TARGET_NAME)";
				SWIFT_EMIT_LOC_STRINGS = YES;
				SWIFT_VERSION = 5.0;
				TARGETED_DEVICE_FAMILY = "1,2";
			};
			name = Release;
		};
		EA0F9F1127BBFB780096CFB0 /* Debug */ = {
			isa = XCBuildConfiguration;
			buildSettings = {
				ALWAYS_EMBED_SWIFT_STANDARD_LIBRARIES = YES;
				BUNDLE_LOADER = "$(TEST_HOST)";
				CODE_SIGN_STYLE = Automatic;
				CURRENT_PROJECT_VERSION = 1;
				GENERATE_INFOPLIST_FILE = YES;
				IPHONEOS_DEPLOYMENT_TARGET = 15.2;
				MARKETING_VERSION = 1.0;
				PRODUCT_BUNDLE_IDENTIFIER = abumandour.CarMisrTests;
				PRODUCT_NAME = "$(TARGET_NAME)";
				SWIFT_EMIT_LOC_STRINGS = NO;
				SWIFT_VERSION = 5.0;
				TARGETED_DEVICE_FAMILY = "1,2";
				TEST_HOST = "$(BUILT_PRODUCTS_DIR)/CarMisr.app/CarMisr";
			};
			name = Debug;
		};
		EA0F9F1227BBFB780096CFB0 /* Release */ = {
			isa = XCBuildConfiguration;
			buildSettings = {
				ALWAYS_EMBED_SWIFT_STANDARD_LIBRARIES = YES;
				BUNDLE_LOADER = "$(TEST_HOST)";
				CODE_SIGN_STYLE = Automatic;
				CURRENT_PROJECT_VERSION = 1;
				GENERATE_INFOPLIST_FILE = YES;
				IPHONEOS_DEPLOYMENT_TARGET = 15.2;
				MARKETING_VERSION = 1.0;
				PRODUCT_BUNDLE_IDENTIFIER = abumandour.CarMisrTests;
				PRODUCT_NAME = "$(TARGET_NAME)";
				SWIFT_EMIT_LOC_STRINGS = NO;
				SWIFT_VERSION = 5.0;
				TARGETED_DEVICE_FAMILY = "1,2";
				TEST_HOST = "$(BUILT_PRODUCTS_DIR)/CarMisr.app/CarMisr";
			};
			name = Release;
		};
		EA0F9F1427BBFB780096CFB0 /* Debug */ = {
			isa = XCBuildConfiguration;
			buildSettings = {
				ALWAYS_EMBED_SWIFT_STANDARD_LIBRARIES = YES;
				CODE_SIGN_STYLE = Automatic;
				CURRENT_PROJECT_VERSION = 1;
				GENERATE_INFOPLIST_FILE = YES;
				MARKETING_VERSION = 1.0;
				PRODUCT_BUNDLE_IDENTIFIER = abumandour.CarMisrUITests;
				PRODUCT_NAME = "$(TARGET_NAME)";
				SWIFT_EMIT_LOC_STRINGS = NO;
				SWIFT_VERSION = 5.0;
				TARGETED_DEVICE_FAMILY = "1,2";
				TEST_TARGET_NAME = CarMisr;
			};
			name = Debug;
		};
		EA0F9F1527BBFB780096CFB0 /* Release */ = {
			isa = XCBuildConfiguration;
			buildSettings = {
				ALWAYS_EMBED_SWIFT_STANDARD_LIBRARIES = YES;
				CODE_SIGN_STYLE = Automatic;
				CURRENT_PROJECT_VERSION = 1;
				GENERATE_INFOPLIST_FILE = YES;
				MARKETING_VERSION = 1.0;
				PRODUCT_BUNDLE_IDENTIFIER = abumandour.CarMisrUITests;
				PRODUCT_NAME = "$(TARGET_NAME)";
				SWIFT_EMIT_LOC_STRINGS = NO;
				SWIFT_VERSION = 5.0;
				TARGETED_DEVICE_FAMILY = "1,2";
				TEST_TARGET_NAME = CarMisr;
			};
			name = Release;
		};
/* End XCBuildConfiguration section */

/* Begin XCConfigurationList section */
		EA0F9EDE27BBFB760096CFB0 /* Build configuration list for PBXProject "CarMisr" */ = {
			isa = XCConfigurationList;
			buildConfigurations = (
				EA0F9F0B27BBFB780096CFB0 /* Debug */,
				EA0F9F0C27BBFB780096CFB0 /* Release */,
			);
			defaultConfigurationIsVisible = 0;
			defaultConfigurationName = Release;
		};
		EA0F9F0D27BBFB780096CFB0 /* Build configuration list for PBXNativeTarget "CarMisr" */ = {
			isa = XCConfigurationList;
			buildConfigurations = (
				EA0F9F0E27BBFB780096CFB0 /* Debug */,
				EA0F9F0F27BBFB780096CFB0 /* Release */,
			);
			defaultConfigurationIsVisible = 0;
			defaultConfigurationName = Release;
		};
		EA0F9F1027BBFB780096CFB0 /* Build configuration list for PBXNativeTarget "CarMisrTests" */ = {
			isa = XCConfigurationList;
			buildConfigurations = (
				EA0F9F1127BBFB780096CFB0 /* Debug */,
				EA0F9F1227BBFB780096CFB0 /* Release */,
			);
			defaultConfigurationIsVisible = 0;
			defaultConfigurationName = Release;
		};
		EA0F9F1327BBFB780096CFB0 /* Build configuration list for PBXNativeTarget "CarMisrUITests" */ = {
			isa = XCConfigurationList;
			buildConfigurations = (
				EA0F9F1427BBFB780096CFB0 /* Debug */,
				EA0F9F1527BBFB780096CFB0 /* Release */,
			);
			defaultConfigurationIsVisible = 0;
			defaultConfigurationName = Release;
		};
/* End XCConfigurationList section */
	};
	rootObject = EA0F9EDB27BBFB760096CFB0 /* Project object */;
}
