// !$*UTF8*$!
{
	archiveVersion = 1;
	classes = {
	};
	objectVersion = 55;
	objects = {

/* Begin PBXBuildFile section */
		1C8DB3F11D2FD1600925E383 /* Pods_CarMisrTests.framework in Frameworks */ = {isa = PBXBuildFile; fileRef = 0B7FA9FBD26BF55A4AF6CA8A /* Pods_CarMisrTests.framework */; };
		9C45391EC049AB4D0ACAAE86 /* Pods_CarMisr.framework in Frameworks */ = {isa = PBXBuildFile; fileRef = 7EA938846703BA71F8E590B1 /* Pods_CarMisr.framework */; };
		A10D6443F149EC627EB7B10C /* Pods_CarMisr_CarMisrUITests.framework in Frameworks */ = {isa = PBXBuildFile; fileRef = D442F5E60D3B6728CB199B60 /* Pods_CarMisr_CarMisrUITests.framework */; };
		EA0F9EE727BBFB760096CFB0 /* AppDelegate.swift in Sources */ = {isa = PBXBuildFile; fileRef = EA0F9EE627BBFB760096CFB0 /* AppDelegate.swift */; };
		EA0F9EF027BBFB780096CFB0 /* Assets.xcassets in Resources */ = {isa = PBXBuildFile; fileRef = EA0F9EEF27BBFB780096CFB0 /* Assets.xcassets */; };
		EA0F9EF327BBFB780096CFB0 /* LaunchScreen.storyboard in Resources */ = {isa = PBXBuildFile; fileRef = EA0F9EF127BBFB780096CFB0 /* LaunchScreen.storyboard */; };
		EA0F9F0827BBFB780096CFB0 /* CarMisrUITests.swift in Sources */ = {isa = PBXBuildFile; fileRef = EA0F9F0727BBFB780096CFB0 /* CarMisrUITests.swift */; };
		EA0F9F0A27BBFB780096CFB0 /* CarMisrUITestsLaunchTests.swift in Sources */ = {isa = PBXBuildFile; fileRef = EA0F9F0927BBFB780096CFB0 /* CarMisrUITestsLaunchTests.swift */; };
		EA0F9F5127BC03700096CFB0 /* ApiError.swift in Sources */ = {isa = PBXBuildFile; fileRef = EA0F9F4E27BC03700096CFB0 /* ApiError.swift */; };
		EA0F9F5227BC03700096CFB0 /* ApiProtocol.swift in Sources */ = {isa = PBXBuildFile; fileRef = EA0F9F4F27BC03700096CFB0 /* ApiProtocol.swift */; };
		EA0F9F5327BC03700096CFB0 /* ApiService.swift in Sources */ = {isa = PBXBuildFile; fileRef = EA0F9F5027BC03700096CFB0 /* ApiService.swift */; };
		EA0F9F5927BC056F0096CFB0 /* AppCoordinator.swift in Sources */ = {isa = PBXBuildFile; fileRef = EA0F9F5827BC056F0096CFB0 /* AppCoordinator.swift */; };
		EA0F9F5B27BC064D0096CFB0 /* MainCoordinator.swift in Sources */ = {isa = PBXBuildFile; fileRef = EA0F9F5A27BC064D0096CFB0 /* MainCoordinator.swift */; };
		EA0F9F5E27BC07730096CFB0 /* MakeViewController.swift in Sources */ = {isa = PBXBuildFile; fileRef = EA0F9F5C27BC07730096CFB0 /* MakeViewController.swift */; };
		EA0F9F5F27BC07730096CFB0 /* MakeViewController.xib in Resources */ = {isa = PBXBuildFile; fileRef = EA0F9F5D27BC07730096CFB0 /* MakeViewController.xib */; };
		EA0F9F6327BC3DEB0096CFB0 /* Colors.swift in Sources */ = {isa = PBXBuildFile; fileRef = EA0F9F6227BC3DEB0096CFB0 /* Colors.swift */; };
		EA0F9F6827BC40180096CFB0 /* MakeTableViewCell.swift in Sources */ = {isa = PBXBuildFile; fileRef = EA0F9F6627BC40180096CFB0 /* MakeTableViewCell.swift */; };
		EA0F9F6927BC40180096CFB0 /* MakeTableViewCell.xib in Resources */ = {isa = PBXBuildFile; fileRef = EA0F9F6727BC40180096CFB0 /* MakeTableViewCell.xib */; };
		EA0F9F6F27BC45BD0096CFB0 /* ModelViewController.swift in Sources */ = {isa = PBXBuildFile; fileRef = EA0F9F6D27BC45BD0096CFB0 /* ModelViewController.swift */; };
		EA0F9F7027BC45BD0096CFB0 /* ModelViewController.xib in Resources */ = {isa = PBXBuildFile; fileRef = EA0F9F6E27BC45BD0096CFB0 /* ModelViewController.xib */; };
		EA0F9F7327BC46760096CFB0 /* ModelTableViewCell.swift in Sources */ = {isa = PBXBuildFile; fileRef = EA0F9F7127BC46760096CFB0 /* ModelTableViewCell.swift */; };
		EA0F9F7427BC46760096CFB0 /* ModelTableViewCell.xib in Resources */ = {isa = PBXBuildFile; fileRef = EA0F9F7227BC46760096CFB0 /* ModelTableViewCell.xib */; };
		EA0F9F7827BC4AC90096CFB0 /* MakeViewModel.swift in Sources */ = {isa = PBXBuildFile; fileRef = EA0F9F7727BC4AC90096CFB0 /* MakeViewModel.swift */; };
		EA0F9F7A27BC4ADA0096CFB0 /* MakeCellViewModel.swift in Sources */ = {isa = PBXBuildFile; fileRef = EA0F9F7927BC4ADA0096CFB0 /* MakeCellViewModel.swift */; };
		EA0F9F7C27BC4B200096CFB0 /* Make.swift in Sources */ = {isa = PBXBuildFile; fileRef = EA0F9F7B27BC4B200096CFB0 /* Make.swift */; };
		EA0F9F7F27BC4CC90096CFB0 /* ViewCellDelegate.swift in Sources */ = {isa = PBXBuildFile; fileRef = EA0F9F7E27BC4CC90096CFB0 /* ViewCellDelegate.swift */; };
		EA0F9F8127BC50810096CFB0 /* ModelCellViewModel.swift in Sources */ = {isa = PBXBuildFile; fileRef = EA0F9F8027BC50810096CFB0 /* ModelCellViewModel.swift */; };
		EA0F9F8327BC50900096CFB0 /* ModelViewModel.swift in Sources */ = {isa = PBXBuildFile; fileRef = EA0F9F8227BC50900096CFB0 /* ModelViewModel.swift */; };
		EA0F9F8527BC51C70096CFB0 /* Model.swift in Sources */ = {isa = PBXBuildFile; fileRef = EA0F9F8427BC51C70096CFB0 /* Model.swift */; };
		EA307D4827C272290034460F /* CarModelProtocol.swift in Sources */ = {isa = PBXBuildFile; fileRef = EA307D4727C272290034460F /* CarModelProtocol.swift */; };
		EA307D4A27C272770034460F /* CarModelService.swift in Sources */ = {isa = PBXBuildFile; fileRef = EA307D4927C272770034460F /* CarModelService.swift */; };
		EA307D4C27C27C7C0034460F /* CarModelData.swift in Sources */ = {isa = PBXBuildFile; fileRef = EA307D4B27C27C7C0034460F /* CarModelData.swift */; };
		EA307D4E27C2D1520034460F /* Defaults.swift in Sources */ = {isa = PBXBuildFile; fileRef = EA307D4D27C2D1520034460F /* Defaults.swift */; };
		EA307D5127C2D8430034460F /* PercentLayoutConstraint.swift in Sources */ = {isa = PBXBuildFile; fileRef = EA307D5027C2D8430034460F /* PercentLayoutConstraint.swift */; };
		EA307D5427C3136A0034460F /* NavigationStackProtocol.swift in Sources */ = {isa = PBXBuildFile; fileRef = EA307D5327C3136A0034460F /* NavigationStackProtocol.swift */; };
		EA307D5627C313C90034460F /* NavigationStack.swift in Sources */ = {isa = PBXBuildFile; fileRef = EA307D5527C313C90034460F /* NavigationStack.swift */; };
		EA307D5E27C3CC080034460F /* UserStubData.swift in Sources */ = {isa = PBXBuildFile; fileRef = EA307D5D27C3CC080034460F /* UserStubData.swift */; };
		EA307D6027C3CC260034460F /* Test_ApiService.swift in Sources */ = {isa = PBXBuildFile; fileRef = EA307D5F27C3CC260034460F /* Test_ApiService.swift */; };
		EA307D6227C3E4BF0034460F /* TableViewCellExtension.swift in Sources */ = {isa = PBXBuildFile; fileRef = EA307D6127C3E4BF0034460F /* TableViewCellExtension.swift */; };
		EA307D6427C3E52D0034460F /* NameDescribable.swift in Sources */ = {isa = PBXBuildFile; fileRef = EA307D6327C3E52D0034460F /* NameDescribable.swift */; };
		EA307D7127C409E20034460F /* BaseEndPoint.swift in Sources */ = {isa = PBXBuildFile; fileRef = EA307D7027C409E20034460F /* BaseEndPoint.swift */; };
		EA307D7327C40DA70034460F /* MainEndPoints.swift in Sources */ = {isa = PBXBuildFile; fileRef = EA307D7227C40DA70034460F /* MainEndPoints.swift */; };
		EA5904C627BE2D5600AF22A7 /* NormalModelDetailsTableViewCell.swift in Sources */ = {isa = PBXBuildFile; fileRef = EA5904C427BE2D5600AF22A7 /* NormalModelDetailsTableViewCell.swift */; };
		EA5904C727BE2D5600AF22A7 /* NormalModelDetailsTableViewCell.xib in Resources */ = {isa = PBXBuildFile; fileRef = EA5904C527BE2D5600AF22A7 /* NormalModelDetailsTableViewCell.xib */; };
		EA5904CA27BE2D6E00AF22A7 /* CollectionModelDetailsTableViewCell.swift in Sources */ = {isa = PBXBuildFile; fileRef = EA5904C827BE2D6E00AF22A7 /* CollectionModelDetailsTableViewCell.swift */; };
		EA5904CB27BE2D6E00AF22A7 /* CollectionModelDetailsTableViewCell.xib in Resources */ = {isa = PBXBuildFile; fileRef = EA5904C927BE2D6E00AF22A7 /* CollectionModelDetailsTableViewCell.xib */; };
		EA5904CE27BE2D8700AF22A7 /* ColorCollectionViewCell.swift in Sources */ = {isa = PBXBuildFile; fileRef = EA5904CC27BE2D8700AF22A7 /* ColorCollectionViewCell.swift */; };
		EA5904CF27BE2D8700AF22A7 /* ColorCollectionViewCell.xib in Resources */ = {isa = PBXBuildFile; fileRef = EA5904CD27BE2D8700AF22A7 /* ColorCollectionViewCell.xib */; };
		EA5904D227BE2E6D00AF22A7 /* ModelDetailsViewController.swift in Sources */ = {isa = PBXBuildFile; fileRef = EA5904D027BE2E6D00AF22A7 /* ModelDetailsViewController.swift */; };
		EA5904D327BE2E6D00AF22A7 /* ModelDetailsViewController.xib in Resources */ = {isa = PBXBuildFile; fileRef = EA5904D127BE2E6D00AF22A7 /* ModelDetailsViewController.xib */; };
		EA5904D527BE2F8D00AF22A7 /* ModelDetailsViewModel.swift in Sources */ = {isa = PBXBuildFile; fileRef = EA5904D427BE2F8D00AF22A7 /* ModelDetailsViewModel.swift */; };
		EA5904D727BE348400AF22A7 /* ModelSpec.swift in Sources */ = {isa = PBXBuildFile; fileRef = EA5904D627BE348400AF22A7 /* ModelSpec.swift */; };
		EA5904D927BE39E800AF22A7 /* NormalModelDetailsCellViewModel.swift in Sources */ = {isa = PBXBuildFile; fileRef = EA5904D827BE39E800AF22A7 /* NormalModelDetailsCellViewModel.swift */; };
		EA5904DB27BE39FF00AF22A7 /* CollectionModelDetailsCellViewModel.swift in Sources */ = {isa = PBXBuildFile; fileRef = EA5904DA27BE39FF00AF22A7 /* CollectionModelDetailsCellViewModel.swift */; };
		EA8725BA27BEC0FF00860CB4 /* ColorCellViewModel.swift in Sources */ = {isa = PBXBuildFile; fileRef = EA8725B927BEC0FF00860CB4 /* ColorCellViewModel.swift */; };
		EA8725BC27BEC39100860CB4 /* ColorExtension.swift in Sources */ = {isa = PBXBuildFile; fileRef = EA8725BB27BEC39100860CB4 /* ColorExtension.swift */; };
		EA8725BF27BEC86E00860CB4 /* Test_SelectMake.swift in Sources */ = {isa = PBXBuildFile; fileRef = EA8725BE27BEC86E00860CB4 /* Test_SelectMake.swift */; };
		EA8725C227BECA3200860CB4 /* ApiServiceMock.swift in Sources */ = {isa = PBXBuildFile; fileRef = EA8725C127BECA3200860CB4 /* ApiServiceMock.swift */; };
		EA8725CA27BED54300860CB4 /* CarMakeProtocol.swift in Sources */ = {isa = PBXBuildFile; fileRef = EA8725C927BED54300860CB4 /* CarMakeProtocol.swift */; };
		EA8725CC27BED60500860CB4 /* DataError.swift in Sources */ = {isa = PBXBuildFile; fileRef = EA8725CB27BED60500860CB4 /* DataError.swift */; };
		EA93A3B427BFDBE300B0D85B /* CarMakeService.swift in Sources */ = {isa = PBXBuildFile; fileRef = EA93A3B327BFDBE300B0D85B /* CarMakeService.swift */; };
		EA93A3B727BFDC8E00B0D85B /* Urls.swift in Sources */ = {isa = PBXBuildFile; fileRef = EA93A3B627BFDC8E00B0D85B /* Urls.swift */; };
		EA93A3B927BFDCDF00B0D85B /* Keys.swift in Sources */ = {isa = PBXBuildFile; fileRef = EA93A3B827BFDCDF00B0D85B /* Keys.swift */; };
		EA93A3BB27BFDF6A00B0D85B /* CarMakeData.swift in Sources */ = {isa = PBXBuildFile; fileRef = EA93A3BA27BFDF6A00B0D85B /* CarMakeData.swift */; };
		EA93A3C027C1721500B0D85B /* Test_SelectModel.swift in Sources */ = {isa = PBXBuildFile; fileRef = EA93A3BF27C1721500B0D85B /* Test_SelectModel.swift */; };
		EAE2183327BDB1E100065763 /* ObservableTypeExtension.swift in Sources */ = {isa = PBXBuildFile; fileRef = EAE2183227BDB1E100065763 /* ObservableTypeExtension.swift */; };
		EAE2183527BDC11F00065763 /* TableViewExtension.swift in Sources */ = {isa = PBXBuildFile; fileRef = EAE2183427BDC11F00065763 /* TableViewExtension.swift */; };
		EAE2183727BDC17400065763 /* ReactiveExtension.swift in Sources */ = {isa = PBXBuildFile; fileRef = EAE2183627BDC17400065763 /* ReactiveExtension.swift */; };
/* End PBXBuildFile section */

/* Begin PBXContainerItemProxy section */
		EA0F9EFA27BBFB780096CFB0 /* PBXContainerItemProxy */ = {
			isa = PBXContainerItemProxy;
			containerPortal = EA0F9EDB27BBFB760096CFB0 /* Project object */;
			proxyType = 1;
			remoteGlobalIDString = EA0F9EE227BBFB760096CFB0;
			remoteInfo = CarMisr;
		};
		EA0F9F0427BBFB780096CFB0 /* PBXContainerItemProxy */ = {
			isa = PBXContainerItemProxy;
			containerPortal = EA0F9EDB27BBFB760096CFB0 /* Project object */;
			proxyType = 1;
			remoteGlobalIDString = EA0F9EE227BBFB760096CFB0;
			remoteInfo = CarMisr;
		};
/* End PBXContainerItemProxy section */

/* Begin PBXFileReference section */
		0B7FA9FBD26BF55A4AF6CA8A /* Pods_CarMisrTests.framework */ = {isa = PBXFileReference; explicitFileType = wrapper.framework; includeInIndex = 0; path = Pods_CarMisrTests.framework; sourceTree = BUILT_PRODUCTS_DIR; };
		1757DE203DCB3A0A40068A4B /* Pods-CarMisr.debug.xcconfig */ = {isa = PBXFileReference; includeInIndex = 1; lastKnownFileType = text.xcconfig; name = "Pods-CarMisr.debug.xcconfig"; path = "Target Support Files/Pods-CarMisr/Pods-CarMisr.debug.xcconfig"; sourceTree = "<group>"; };
		5EABD5BA220B00A8BD444BEE /* Pods-CarMisr.release.xcconfig */ = {isa = PBXFileReference; includeInIndex = 1; lastKnownFileType = text.xcconfig; name = "Pods-CarMisr.release.xcconfig"; path = "Target Support Files/Pods-CarMisr/Pods-CarMisr.release.xcconfig"; sourceTree = "<group>"; };
		60CAC2260CABD4076003EA87 /* Pods-CarMisr-CarMisrUITests.debug.xcconfig */ = {isa = PBXFileReference; includeInIndex = 1; lastKnownFileType = text.xcconfig; name = "Pods-CarMisr-CarMisrUITests.debug.xcconfig"; path = "Target Support Files/Pods-CarMisr-CarMisrUITests/Pods-CarMisr-CarMisrUITests.debug.xcconfig"; sourceTree = "<group>"; };
		79C961A6C9C2B38FE6A759C2 /* Pods-CarMisr-CarMisrUITests.release.xcconfig */ = {isa = PBXFileReference; includeInIndex = 1; lastKnownFileType = text.xcconfig; name = "Pods-CarMisr-CarMisrUITests.release.xcconfig"; path = "Target Support Files/Pods-CarMisr-CarMisrUITests/Pods-CarMisr-CarMisrUITests.release.xcconfig"; sourceTree = "<group>"; };
		7EA938846703BA71F8E590B1 /* Pods_CarMisr.framework */ = {isa = PBXFileReference; explicitFileType = wrapper.framework; includeInIndex = 0; path = Pods_CarMisr.framework; sourceTree = BUILT_PRODUCTS_DIR; };
		D43F064CF816FE4C432D82FE /* Pods-CarMisrTests.release.xcconfig */ = {isa = PBXFileReference; includeInIndex = 1; lastKnownFileType = text.xcconfig; name = "Pods-CarMisrTests.release.xcconfig"; path = "Target Support Files/Pods-CarMisrTests/Pods-CarMisrTests.release.xcconfig"; sourceTree = "<group>"; };
		D442F5E60D3B6728CB199B60 /* Pods_CarMisr_CarMisrUITests.framework */ = {isa = PBXFileReference; explicitFileType = wrapper.framework; includeInIndex = 0; path = Pods_CarMisr_CarMisrUITests.framework; sourceTree = BUILT_PRODUCTS_DIR; };
		EA0F9EE327BBFB760096CFB0 /* CarMisr.app */ = {isa = PBXFileReference; explicitFileType = wrapper.application; includeInIndex = 0; path = CarMisr.app; sourceTree = BUILT_PRODUCTS_DIR; };
		EA0F9EE627BBFB760096CFB0 /* AppDelegate.swift */ = {isa = PBXFileReference; lastKnownFileType = sourcecode.swift; path = AppDelegate.swift; sourceTree = "<group>"; };
		EA0F9EEF27BBFB780096CFB0 /* Assets.xcassets */ = {isa = PBXFileReference; lastKnownFileType = folder.assetcatalog; path = Assets.xcassets; sourceTree = "<group>"; };
		EA0F9EF227BBFB780096CFB0 /* Base */ = {isa = PBXFileReference; lastKnownFileType = file.storyboard; name = Base; path = Base.lproj/LaunchScreen.storyboard; sourceTree = "<group>"; };
		EA0F9EF427BBFB780096CFB0 /* Info.plist */ = {isa = PBXFileReference; lastKnownFileType = text.plist.xml; path = Info.plist; sourceTree = "<group>"; };
		EA0F9EF927BBFB780096CFB0 /* CarMisrTests.xctest */ = {isa = PBXFileReference; explicitFileType = wrapper.cfbundle; includeInIndex = 0; path = CarMisrTests.xctest; sourceTree = BUILT_PRODUCTS_DIR; };
		EA0F9F0327BBFB780096CFB0 /* CarMisrUITests.xctest */ = {isa = PBXFileReference; explicitFileType = wrapper.cfbundle; includeInIndex = 0; path = CarMisrUITests.xctest; sourceTree = BUILT_PRODUCTS_DIR; };
		EA0F9F0727BBFB780096CFB0 /* CarMisrUITests.swift */ = {isa = PBXFileReference; lastKnownFileType = sourcecode.swift; path = CarMisrUITests.swift; sourceTree = "<group>"; };
		EA0F9F0927BBFB780096CFB0 /* CarMisrUITestsLaunchTests.swift */ = {isa = PBXFileReference; lastKnownFileType = sourcecode.swift; path = CarMisrUITestsLaunchTests.swift; sourceTree = "<group>"; };
		EA0F9F4E27BC03700096CFB0 /* ApiError.swift */ = {isa = PBXFileReference; fileEncoding = 4; lastKnownFileType = sourcecode.swift; path = ApiError.swift; sourceTree = "<group>"; };
		EA0F9F4F27BC03700096CFB0 /* ApiProtocol.swift */ = {isa = PBXFileReference; fileEncoding = 4; lastKnownFileType = sourcecode.swift; path = ApiProtocol.swift; sourceTree = "<group>"; };
		EA0F9F5027BC03700096CFB0 /* ApiService.swift */ = {isa = PBXFileReference; fileEncoding = 4; lastKnownFileType = sourcecode.swift; path = ApiService.swift; sourceTree = "<group>"; };
		EA0F9F5827BC056F0096CFB0 /* AppCoordinator.swift */ = {isa = PBXFileReference; lastKnownFileType = sourcecode.swift; path = AppCoordinator.swift; sourceTree = "<group>"; };
		EA0F9F5A27BC064D0096CFB0 /* MainCoordinator.swift */ = {isa = PBXFileReference; lastKnownFileType = sourcecode.swift; path = MainCoordinator.swift; sourceTree = "<group>"; };
		EA0F9F5C27BC07730096CFB0 /* MakeViewController.swift */ = {isa = PBXFileReference; lastKnownFileType = sourcecode.swift; path = MakeViewController.swift; sourceTree = "<group>"; };
		EA0F9F5D27BC07730096CFB0 /* MakeViewController.xib */ = {isa = PBXFileReference; lastKnownFileType = file.xib; path = MakeViewController.xib; sourceTree = "<group>"; };
		EA0F9F6227BC3DEB0096CFB0 /* Colors.swift */ = {isa = PBXFileReference; lastKnownFileType = sourcecode.swift; path = Colors.swift; sourceTree = "<group>"; };
		EA0F9F6627BC40180096CFB0 /* MakeTableViewCell.swift */ = {isa = PBXFileReference; lastKnownFileType = sourcecode.swift; path = MakeTableViewCell.swift; sourceTree = "<group>"; };
		EA0F9F6727BC40180096CFB0 /* MakeTableViewCell.xib */ = {isa = PBXFileReference; lastKnownFileType = file.xib; path = MakeTableViewCell.xib; sourceTree = "<group>"; };
		EA0F9F6D27BC45BD0096CFB0 /* ModelViewController.swift */ = {isa = PBXFileReference; lastKnownFileType = sourcecode.swift; path = ModelViewController.swift; sourceTree = "<group>"; };
		EA0F9F6E27BC45BD0096CFB0 /* ModelViewController.xib */ = {isa = PBXFileReference; lastKnownFileType = file.xib; path = ModelViewController.xib; sourceTree = "<group>"; };
		EA0F9F7127BC46760096CFB0 /* ModelTableViewCell.swift */ = {isa = PBXFileReference; lastKnownFileType = sourcecode.swift; path = ModelTableViewCell.swift; sourceTree = "<group>"; };
		EA0F9F7227BC46760096CFB0 /* ModelTableViewCell.xib */ = {isa = PBXFileReference; lastKnownFileType = file.xib; path = ModelTableViewCell.xib; sourceTree = "<group>"; };
		EA0F9F7727BC4AC90096CFB0 /* MakeViewModel.swift */ = {isa = PBXFileReference; lastKnownFileType = sourcecode.swift; path = MakeViewModel.swift; sourceTree = "<group>"; };
		EA0F9F7927BC4ADA0096CFB0 /* MakeCellViewModel.swift */ = {isa = PBXFileReference; lastKnownFileType = sourcecode.swift; path = MakeCellViewModel.swift; sourceTree = "<group>"; };
		EA0F9F7B27BC4B200096CFB0 /* Make.swift */ = {isa = PBXFileReference; lastKnownFileType = sourcecode.swift; path = Make.swift; sourceTree = "<group>"; };
		EA0F9F7E27BC4CC90096CFB0 /* ViewCellDelegate.swift */ = {isa = PBXFileReference; lastKnownFileType = sourcecode.swift; path = ViewCellDelegate.swift; sourceTree = "<group>"; };
		EA0F9F8027BC50810096CFB0 /* ModelCellViewModel.swift */ = {isa = PBXFileReference; lastKnownFileType = sourcecode.swift; path = ModelCellViewModel.swift; sourceTree = "<group>"; };
		EA0F9F8227BC50900096CFB0 /* ModelViewModel.swift */ = {isa = PBXFileReference; lastKnownFileType = sourcecode.swift; path = ModelViewModel.swift; sourceTree = "<group>"; };
		EA0F9F8427BC51C70096CFB0 /* Model.swift */ = {isa = PBXFileReference; lastKnownFileType = sourcecode.swift; path = Model.swift; sourceTree = "<group>"; };
		EA307D4727C272290034460F /* CarModelProtocol.swift */ = {isa = PBXFileReference; lastKnownFileType = sourcecode.swift; path = CarModelProtocol.swift; sourceTree = "<group>"; };
		EA307D4927C272770034460F /* CarModelService.swift */ = {isa = PBXFileReference; lastKnownFileType = sourcecode.swift; path = CarModelService.swift; sourceTree = "<group>"; };
		EA307D4B27C27C7C0034460F /* CarModelData.swift */ = {isa = PBXFileReference; lastKnownFileType = sourcecode.swift; path = CarModelData.swift; sourceTree = "<group>"; };
		EA307D4D27C2D1520034460F /* Defaults.swift */ = {isa = PBXFileReference; lastKnownFileType = sourcecode.swift; path = Defaults.swift; sourceTree = "<group>"; };
		EA307D5027C2D8430034460F /* PercentLayoutConstraint.swift */ = {isa = PBXFileReference; lastKnownFileType = sourcecode.swift; path = PercentLayoutConstraint.swift; sourceTree = "<group>"; };
		EA307D5327C3136A0034460F /* NavigationStackProtocol.swift */ = {isa = PBXFileReference; lastKnownFileType = sourcecode.swift; path = NavigationStackProtocol.swift; sourceTree = "<group>"; };
		EA307D5527C313C90034460F /* NavigationStack.swift */ = {isa = PBXFileReference; lastKnownFileType = sourcecode.swift; path = NavigationStack.swift; sourceTree = "<group>"; };
		EA307D5D27C3CC080034460F /* UserStubData.swift */ = {isa = PBXFileReference; lastKnownFileType = sourcecode.swift; path = UserStubData.swift; sourceTree = "<group>"; };
		EA307D5F27C3CC260034460F /* Test_ApiService.swift */ = {isa = PBXFileReference; lastKnownFileType = sourcecode.swift; path = Test_ApiService.swift; sourceTree = "<group>"; };
		EA307D6127C3E4BF0034460F /* TableViewCellExtension.swift */ = {isa = PBXFileReference; lastKnownFileType = sourcecode.swift; path = TableViewCellExtension.swift; sourceTree = "<group>"; };
		EA307D6327C3E52D0034460F /* NameDescribable.swift */ = {isa = PBXFileReference; lastKnownFileType = sourcecode.swift; path = NameDescribable.swift; sourceTree = "<group>"; };
		EA307D7027C409E20034460F /* BaseEndPoint.swift */ = {isa = PBXFileReference; lastKnownFileType = sourcecode.swift; path = BaseEndPoint.swift; sourceTree = "<group>"; };
		EA307D7227C40DA70034460F /* MainEndPoints.swift */ = {isa = PBXFileReference; lastKnownFileType = sourcecode.swift; path = MainEndPoints.swift; sourceTree = "<group>"; };
		EA5904C427BE2D5600AF22A7 /* NormalModelDetailsTableViewCell.swift */ = {isa = PBXFileReference; lastKnownFileType = sourcecode.swift; path = NormalModelDetailsTableViewCell.swift; sourceTree = "<group>"; };
		EA5904C527BE2D5600AF22A7 /* NormalModelDetailsTableViewCell.xib */ = {isa = PBXFileReference; lastKnownFileType = file.xib; path = NormalModelDetailsTableViewCell.xib; sourceTree = "<group>"; };
		EA5904C827BE2D6E00AF22A7 /* CollectionModelDetailsTableViewCell.swift */ = {isa = PBXFileReference; lastKnownFileType = sourcecode.swift; path = CollectionModelDetailsTableViewCell.swift; sourceTree = "<group>"; };
		EA5904C927BE2D6E00AF22A7 /* CollectionModelDetailsTableViewCell.xib */ = {isa = PBXFileReference; lastKnownFileType = file.xib; path = CollectionModelDetailsTableViewCell.xib; sourceTree = "<group>"; };
		EA5904CC27BE2D8700AF22A7 /* ColorCollectionViewCell.swift */ = {isa = PBXFileReference; lastKnownFileType = sourcecode.swift; path = ColorCollectionViewCell.swift; sourceTree = "<group>"; };
		EA5904CD27BE2D8700AF22A7 /* ColorCollectionViewCell.xib */ = {isa = PBXFileReference; lastKnownFileType = file.xib; path = ColorCollectionViewCell.xib; sourceTree = "<group>"; };
		EA5904D027BE2E6D00AF22A7 /* ModelDetailsViewController.swift */ = {isa = PBXFileReference; lastKnownFileType = sourcecode.swift; path = ModelDetailsViewController.swift; sourceTree = "<group>"; };
		EA5904D127BE2E6D00AF22A7 /* ModelDetailsViewController.xib */ = {isa = PBXFileReference; lastKnownFileType = file.xib; path = ModelDetailsViewController.xib; sourceTree = "<group>"; };
		EA5904D427BE2F8D00AF22A7 /* ModelDetailsViewModel.swift */ = {isa = PBXFileReference; lastKnownFileType = sourcecode.swift; path = ModelDetailsViewModel.swift; sourceTree = "<group>"; };
		EA5904D627BE348400AF22A7 /* ModelSpec.swift */ = {isa = PBXFileReference; lastKnownFileType = sourcecode.swift; path = ModelSpec.swift; sourceTree = "<group>"; };
		EA5904D827BE39E800AF22A7 /* NormalModelDetailsCellViewModel.swift */ = {isa = PBXFileReference; lastKnownFileType = sourcecode.swift; path = NormalModelDetailsCellViewModel.swift; sourceTree = "<group>"; };
		EA5904DA27BE39FF00AF22A7 /* CollectionModelDetailsCellViewModel.swift */ = {isa = PBXFileReference; lastKnownFileType = sourcecode.swift; path = CollectionModelDetailsCellViewModel.swift; sourceTree = "<group>"; };
		EA8725B927BEC0FF00860CB4 /* ColorCellViewModel.swift */ = {isa = PBXFileReference; lastKnownFileType = sourcecode.swift; path = ColorCellViewModel.swift; sourceTree = "<group>"; };
		EA8725BB27BEC39100860CB4 /* ColorExtension.swift */ = {isa = PBXFileReference; lastKnownFileType = sourcecode.swift; path = ColorExtension.swift; sourceTree = "<group>"; };
		EA8725BE27BEC86E00860CB4 /* Test_SelectMake.swift */ = {isa = PBXFileReference; lastKnownFileType = sourcecode.swift; path = Test_SelectMake.swift; sourceTree = "<group>"; };
		EA8725C127BECA3200860CB4 /* ApiServiceMock.swift */ = {isa = PBXFileReference; lastKnownFileType = sourcecode.swift; path = ApiServiceMock.swift; sourceTree = "<group>"; };
		EA8725C927BED54300860CB4 /* CarMakeProtocol.swift */ = {isa = PBXFileReference; lastKnownFileType = sourcecode.swift; path = CarMakeProtocol.swift; sourceTree = "<group>"; };
		EA8725CB27BED60500860CB4 /* DataError.swift */ = {isa = PBXFileReference; lastKnownFileType = sourcecode.swift; path = DataError.swift; sourceTree = "<group>"; };
		EA93A3B327BFDBE300B0D85B /* CarMakeService.swift */ = {isa = PBXFileReference; lastKnownFileType = sourcecode.swift; path = CarMakeService.swift; sourceTree = "<group>"; };
		EA93A3B627BFDC8E00B0D85B /* Urls.swift */ = {isa = PBXFileReference; lastKnownFileType = sourcecode.swift; path = Urls.swift; sourceTree = "<group>"; };
		EA93A3B827BFDCDF00B0D85B /* Keys.swift */ = {isa = PBXFileReference; lastKnownFileType = sourcecode.swift; path = Keys.swift; sourceTree = "<group>"; };
		EA93A3BA27BFDF6A00B0D85B /* CarMakeData.swift */ = {isa = PBXFileReference; lastKnownFileType = sourcecode.swift; path = CarMakeData.swift; sourceTree = "<group>"; };
		EA93A3BF27C1721500B0D85B /* Test_SelectModel.swift */ = {isa = PBXFileReference; lastKnownFileType = sourcecode.swift; path = Test_SelectModel.swift; sourceTree = "<group>"; };
		EAE2183227BDB1E100065763 /* ObservableTypeExtension.swift */ = {isa = PBXFileReference; lastKnownFileType = sourcecode.swift; path = ObservableTypeExtension.swift; sourceTree = "<group>"; };
		EAE2183427BDC11F00065763 /* TableViewExtension.swift */ = {isa = PBXFileReference; lastKnownFileType = sourcecode.swift; path = TableViewExtension.swift; sourceTree = "<group>"; };
		EAE2183627BDC17400065763 /* ReactiveExtension.swift */ = {isa = PBXFileReference; lastKnownFileType = sourcecode.swift; path = ReactiveExtension.swift; sourceTree = "<group>"; };
		FEBAE772881C22B82EA3DEFC /* Pods-CarMisrTests.debug.xcconfig */ = {isa = PBXFileReference; includeInIndex = 1; lastKnownFileType = text.xcconfig; name = "Pods-CarMisrTests.debug.xcconfig"; path = "Target Support Files/Pods-CarMisrTests/Pods-CarMisrTests.debug.xcconfig"; sourceTree = "<group>"; };
/* End PBXFileReference section */

/* Begin PBXFrameworksBuildPhase section */
		EA0F9EE027BBFB760096CFB0 /* Frameworks */ = {
			isa = PBXFrameworksBuildPhase;
			buildActionMask = 2147483647;
			files = (
				9C45391EC049AB4D0ACAAE86 /* Pods_CarMisr.framework in Frameworks */,
			);
			runOnlyForDeploymentPostprocessing = 0;
		};
		EA0F9EF627BBFB780096CFB0 /* Frameworks */ = {
			isa = PBXFrameworksBuildPhase;
			buildActionMask = 2147483647;
			files = (
				1C8DB3F11D2FD1600925E383 /* Pods_CarMisrTests.framework in Frameworks */,
			);
			runOnlyForDeploymentPostprocessing = 0;
		};
		EA0F9F0027BBFB780096CFB0 /* Frameworks */ = {
			isa = PBXFrameworksBuildPhase;
			buildActionMask = 2147483647;
			files = (
				A10D6443F149EC627EB7B10C /* Pods_CarMisr_CarMisrUITests.framework in Frameworks */,
			);
			runOnlyForDeploymentPostprocessing = 0;
		};
/* End PBXFrameworksBuildPhase section */

/* Begin PBXGroup section */
		14809C4CFF8DCB23997190FC /* Frameworks */ = {
			isa = PBXGroup;
			children = (
				7EA938846703BA71F8E590B1 /* Pods_CarMisr.framework */,
				D442F5E60D3B6728CB199B60 /* Pods_CarMisr_CarMisrUITests.framework */,
				0B7FA9FBD26BF55A4AF6CA8A /* Pods_CarMisrTests.framework */,
			);
			name = Frameworks;
			sourceTree = "<group>";
		};
		A324659DD933C9FDD5CC675F /* Pods */ = {
			isa = PBXGroup;
			children = (
				1757DE203DCB3A0A40068A4B /* Pods-CarMisr.debug.xcconfig */,
				5EABD5BA220B00A8BD444BEE /* Pods-CarMisr.release.xcconfig */,
				60CAC2260CABD4076003EA87 /* Pods-CarMisr-CarMisrUITests.debug.xcconfig */,
				79C961A6C9C2B38FE6A759C2 /* Pods-CarMisr-CarMisrUITests.release.xcconfig */,
				FEBAE772881C22B82EA3DEFC /* Pods-CarMisrTests.debug.xcconfig */,
				D43F064CF816FE4C432D82FE /* Pods-CarMisrTests.release.xcconfig */,
			);
			path = Pods;
			sourceTree = "<group>";
		};
		EA0F9EDA27BBFB760096CFB0 = {
			isa = PBXGroup;
			children = (
				EA0F9EE527BBFB760096CFB0 /* CarMisr */,
				EA0F9EFC27BBFB780096CFB0 /* CarMisrTests */,
				EA0F9F0627BBFB780096CFB0 /* CarMisrUITests */,
				EA0F9EE427BBFB760096CFB0 /* Products */,
				A324659DD933C9FDD5CC675F /* Pods */,
				14809C4CFF8DCB23997190FC /* Frameworks */,
			);
			sourceTree = "<group>";
		};
		EA0F9EE427BBFB760096CFB0 /* Products */ = {
			isa = PBXGroup;
			children = (
				EA0F9EE327BBFB760096CFB0 /* CarMisr.app */,
				EA0F9EF927BBFB780096CFB0 /* CarMisrTests.xctest */,
				EA0F9F0327BBFB780096CFB0 /* CarMisrUITests.xctest */,
			);
			name = Products;
			sourceTree = "<group>";
		};
		EA0F9EE527BBFB760096CFB0 /* CarMisr */ = {
			isa = PBXGroup;
			children = (
				EA0F9F4327BC02970096CFB0 /* Infrastructure */,
				EA0F9F3E27BC02470096CFB0 /* Application */,
				EA0F9F3F27BC02470096CFB0 /* Core */,
				EA0F9F3D27BC02470096CFB0 /* Repository */,
				EA0F9F4027BC02480096CFB0 /* Presentation */,
				EA0F9EF427BBFB780096CFB0 /* Info.plist */,
			);
			path = CarMisr;
			sourceTree = "<group>";
		};
		EA0F9EFC27BBFB780096CFB0 /* CarMisrTests */ = {
			isa = PBXGroup;
			children = (
				EA307D5C27C3CB690034460F /* Stubs */,
				EA307D5B27C3CB220034460F /* IntegrationTest */,
				EA8725C027BECA1B00860CB4 /* Mocks */,
				EA8725BD27BEC82600860CB4 /* UnitTest */,
			);
			path = CarMisrTests;
			sourceTree = "<group>";
		};
		EA0F9F0627BBFB780096CFB0 /* CarMisrUITests */ = {
			isa = PBXGroup;
			children = (
				EA0F9F0727BBFB780096CFB0 /* CarMisrUITests.swift */,
				EA0F9F0927BBFB780096CFB0 /* CarMisrUITestsLaunchTests.swift */,
			);
			path = CarMisrUITests;
			sourceTree = "<group>";
		};
		EA0F9F3D27BC02470096CFB0 /* Repository */ = {
			isa = PBXGroup;
			children = (
				EA0F9F4427BC02970096CFB0 /* Networking */,
				EA307D5227C313200034460F /* Data */,
			);
			path = Repository;
			sourceTree = "<group>";
		};
		EA0F9F3E27BC02470096CFB0 /* Application */ = {
			isa = PBXGroup;
			children = (
				EA307D6B27C409790034460F /* EndPoint */,
				EA93A3B527BFDC8400B0D85B /* Constant */,
				EA8725CD27BED67D00860CB4 /* Utilities */,
				EA93A3B327BFDBE300B0D85B /* CarMakeService.swift */,
				EA307D4927C272770034460F /* CarModelService.swift */,
			);
			path = Application;
			sourceTree = "<group>";
		};
		EA0F9F3F27BC02470096CFB0 /* Core */ = {
			isa = PBXGroup;
			children = (
				EA0F9F4C27BC02E90096CFB0 /* Models */,
				EA0F9F4B27BC02E20096CFB0 /* UseCases */,
			);
			path = Core;
			sourceTree = "<group>";
		};
		EA0F9F4027BC02480096CFB0 /* Presentation */ = {
			isa = PBXGroup;
			children = (
				EA0F9F6127BC07BF0096CFB0 /* Views */,
				EA0F9F4A27BC02CD0096CFB0 /* ViewModels */,
			);
			path = Presentation;
			sourceTree = "<group>";
		};
		EA0F9F4327BC02970096CFB0 /* Infrastructure */ = {
			isa = PBXGroup;
			children = (
				EA307D4F27C2D82A0034460F /* Bases */,
				EA0F9F7D27BC4C9E0096CFB0 /* Delegates */,
				EA0F9F4527BC02970096CFB0 /* Extenstions */,
				EA0F9F4727BC02970096CFB0 /* Routing */,
				EA0F9F4827BC02970096CFB0 /* SystemDesign */,
			);
			path = Infrastructure;
			sourceTree = "<group>";
		};
		EA0F9F4427BC02970096CFB0 /* Networking */ = {
			isa = PBXGroup;
			children = (
				EA0F9F4E27BC03700096CFB0 /* ApiError.swift */,
				EA0F9F4F27BC03700096CFB0 /* ApiProtocol.swift */,
				EA0F9F5027BC03700096CFB0 /* ApiService.swift */,
			);
			path = Networking;
			sourceTree = "<group>";
		};
		EA0F9F4527BC02970096CFB0 /* Extenstions */ = {
			isa = PBXGroup;
			children = (
				EAE2183227BDB1E100065763 /* ObservableTypeExtension.swift */,
				EAE2183427BDC11F00065763 /* TableViewExtension.swift */,
				EAE2183627BDC17400065763 /* ReactiveExtension.swift */,
				EA8725BB27BEC39100860CB4 /* ColorExtension.swift */,
				EA307D6127C3E4BF0034460F /* TableViewCellExtension.swift */,
				EA307D6327C3E52D0034460F /* NameDescribable.swift */,
			);
			path = Extenstions;
			sourceTree = "<group>";
		};
		EA0F9F4727BC02970096CFB0 /* Routing */ = {
			isa = PBXGroup;
			children = (
				EA0F9EE627BBFB760096CFB0 /* AppDelegate.swift */,
				EA0F9F5827BC056F0096CFB0 /* AppCoordinator.swift */,
				EA0F9F5A27BC064D0096CFB0 /* MainCoordinator.swift */,
				EA307D5327C3136A0034460F /* NavigationStackProtocol.swift */,
				EA307D5527C313C90034460F /* NavigationStack.swift */,
			);
			path = Routing;
			sourceTree = "<group>";
		};
		EA0F9F4827BC02970096CFB0 /* SystemDesign */ = {
			isa = PBXGroup;
			children = (
				EA0F9EEF27BBFB780096CFB0 /* Assets.xcassets */,
				EA0F9EF127BBFB780096CFB0 /* LaunchScreen.storyboard */,
				EA0F9F6227BC3DEB0096CFB0 /* Colors.swift */,
			);
			path = SystemDesign;
			sourceTree = "<group>";
		};
		EA0F9F4A27BC02CD0096CFB0 /* ViewModels */ = {
			isa = PBXGroup;
			children = (
				EA5904AE27BE03E100AF22A7 /* ModelDetails */,
				EA0F9F7627BC4AAA0096CFB0 /* Models */,
				EA0F9F7527BC4AA30096CFB0 /* Makes */,
			);
			path = ViewModels;
			sourceTree = "<group>";
		};
		EA0F9F4B27BC02E20096CFB0 /* UseCases */ = {
			isa = PBXGroup;
			children = (
				EA8725C927BED54300860CB4 /* CarMakeProtocol.swift */,
				EA307D4727C272290034460F /* CarModelProtocol.swift */,
			);
			path = UseCases;
			sourceTree = "<group>";
		};
		EA0F9F4C27BC02E90096CFB0 /* Models */ = {
			isa = PBXGroup;
			children = (
				EA0F9F7B27BC4B200096CFB0 /* Make.swift */,
				EA0F9F8427BC51C70096CFB0 /* Model.swift */,
				EA5904D627BE348400AF22A7 /* ModelSpec.swift */,
			);
			path = Models;
			sourceTree = "<group>";
		};
		EA0F9F6027BC07880096CFB0 /* Makes */ = {
			isa = PBXGroup;
			children = (
				EA5904BF27BE2C9C00AF22A7 /* ViewControllers */,
				EA5904C027BE2CA700AF22A7 /* ViewCells */,
			);
			path = Makes;
			sourceTree = "<group>";
		};
		EA0F9F6127BC07BF0096CFB0 /* Views */ = {
			isa = PBXGroup;
			children = (
				EA5904AD27BE03D700AF22A7 /* ModelDetails */,
				EA0F9F6A27BC456B0096CFB0 /* Models */,
				EA0F9F6027BC07880096CFB0 /* Makes */,
			);
			path = Views;
			sourceTree = "<group>";
		};
		EA0F9F6A27BC456B0096CFB0 /* Models */ = {
			isa = PBXGroup;
			children = (
				EA5904BD27BE2C8300AF22A7 /* ViewControllers */,
				EA5904BE27BE2C9000AF22A7 /* ViewCells */,
			);
			path = Models;
			sourceTree = "<group>";
		};
		EA0F9F7527BC4AA30096CFB0 /* Makes */ = {
			isa = PBXGroup;
			children = (
				EA0F9F7727BC4AC90096CFB0 /* MakeViewModel.swift */,
				EA0F9F7927BC4ADA0096CFB0 /* MakeCellViewModel.swift */,
			);
			path = Makes;
			sourceTree = "<group>";
		};
		EA0F9F7627BC4AAA0096CFB0 /* Models */ = {
			isa = PBXGroup;
			children = (
				EA0F9F8027BC50810096CFB0 /* ModelCellViewModel.swift */,
				EA0F9F8227BC50900096CFB0 /* ModelViewModel.swift */,
			);
			path = Models;
			sourceTree = "<group>";
		};
		EA0F9F7D27BC4C9E0096CFB0 /* Delegates */ = {
			isa = PBXGroup;
			children = (
				EA0F9F7E27BC4CC90096CFB0 /* ViewCellDelegate.swift */,
			);
			path = Delegates;
			sourceTree = "<group>";
		};
		EA307D4F27C2D82A0034460F /* Bases */ = {
			isa = PBXGroup;
			children = (
				EA307D5027C2D8430034460F /* PercentLayoutConstraint.swift */,
			);
			path = Bases;
			sourceTree = "<group>";
		};
		EA307D5227C313200034460F /* Data */ = {
			isa = PBXGroup;
			children = (
				EA93A3BA27BFDF6A00B0D85B /* CarMakeData.swift */,
				EA307D4B27C27C7C0034460F /* CarModelData.swift */,
			);
			path = Data;
			sourceTree = "<group>";
		};
		EA307D5B27C3CB220034460F /* IntegrationTest */ = {
			isa = PBXGroup;
			children = (
				EA307D5F27C3CC260034460F /* Test_ApiService.swift */,
			);
			path = IntegrationTest;
			sourceTree = "<group>";
		};
		EA307D5C27C3CB690034460F /* Stubs */ = {
			isa = PBXGroup;
			children = (
				EA307D5D27C3CC080034460F /* UserStubData.swift */,
			);
			path = Stubs;
			sourceTree = "<group>";
		};
		EA307D6B27C409790034460F /* EndPoint */ = {
			isa = PBXGroup;
			children = (
				EA307D7027C409E20034460F /* BaseEndPoint.swift */,
				EA307D7227C40DA70034460F /* MainEndPoints.swift */,
			);
			path = EndPoint;
			sourceTree = "<group>";
		};
		EA5904AD27BE03D700AF22A7 /* ModelDetails */ = {
			isa = PBXGroup;
			children = (
				EA5904C127BE2CB100AF22A7 /* ViewControllers */,
				EA5904C327BE2CDB00AF22A7 /* ViewCells */,
			);
			path = ModelDetails;
			sourceTree = "<group>";
		};
		EA5904AE27BE03E100AF22A7 /* ModelDetails */ = {
			isa = PBXGroup;
			children = (
				EA5904D427BE2F8D00AF22A7 /* ModelDetailsViewModel.swift */,
				EA5904D827BE39E800AF22A7 /* NormalModelDetailsCellViewModel.swift */,
				EA5904DA27BE39FF00AF22A7 /* CollectionModelDetailsCellViewModel.swift */,
				EA8725B927BEC0FF00860CB4 /* ColorCellViewModel.swift */,
			);
			path = ModelDetails;
			sourceTree = "<group>";
		};
		EA5904BD27BE2C8300AF22A7 /* ViewControllers */ = {
			isa = PBXGroup;
			children = (
				EA0F9F6D27BC45BD0096CFB0 /* ModelViewController.swift */,
				EA0F9F6E27BC45BD0096CFB0 /* ModelViewController.xib */,
			);
			path = ViewControllers;
			sourceTree = "<group>";
		};
		EA5904BE27BE2C9000AF22A7 /* ViewCells */ = {
			isa = PBXGroup;
			children = (
				EA0F9F7127BC46760096CFB0 /* ModelTableViewCell.swift */,
				EA0F9F7227BC46760096CFB0 /* ModelTableViewCell.xib */,
			);
			path = ViewCells;
			sourceTree = "<group>";
		};
		EA5904BF27BE2C9C00AF22A7 /* ViewControllers */ = {
			isa = PBXGroup;
			children = (
				EA0F9F5C27BC07730096CFB0 /* MakeViewController.swift */,
				EA0F9F5D27BC07730096CFB0 /* MakeViewController.xib */,
			);
			path = ViewControllers;
			sourceTree = "<group>";
		};
		EA5904C027BE2CA700AF22A7 /* ViewCells */ = {
			isa = PBXGroup;
			children = (
				EA0F9F6627BC40180096CFB0 /* MakeTableViewCell.swift */,
				EA0F9F6727BC40180096CFB0 /* MakeTableViewCell.xib */,
			);
			path = ViewCells;
			sourceTree = "<group>";
		};
		EA5904C127BE2CB100AF22A7 /* ViewControllers */ = {
			isa = PBXGroup;
			children = (
				EA5904D027BE2E6D00AF22A7 /* ModelDetailsViewController.swift */,
				EA5904D127BE2E6D00AF22A7 /* ModelDetailsViewController.xib */,
			);
			path = ViewControllers;
			sourceTree = "<group>";
		};
		EA5904C327BE2CDB00AF22A7 /* ViewCells */ = {
			isa = PBXGroup;
			children = (
				EA5904C427BE2D5600AF22A7 /* NormalModelDetailsTableViewCell.swift */,
				EA5904C527BE2D5600AF22A7 /* NormalModelDetailsTableViewCell.xib */,
				EA5904C827BE2D6E00AF22A7 /* CollectionModelDetailsTableViewCell.swift */,
				EA5904C927BE2D6E00AF22A7 /* CollectionModelDetailsTableViewCell.xib */,
				EA5904CC27BE2D8700AF22A7 /* ColorCollectionViewCell.swift */,
				EA5904CD27BE2D8700AF22A7 /* ColorCollectionViewCell.xib */,
			);
			path = ViewCells;
			sourceTree = "<group>";
		};
		EA8725BD27BEC82600860CB4 /* UnitTest */ = {
			isa = PBXGroup;
			children = (
				EA8725BE27BEC86E00860CB4 /* Test_SelectMake.swift */,
				EA93A3BF27C1721500B0D85B /* Test_SelectModel.swift */,
			);
			path = UnitTest;
			sourceTree = "<group>";
		};
		EA8725C027BECA1B00860CB4 /* Mocks */ = {
			isa = PBXGroup;
			children = (
				EA8725C127BECA3200860CB4 /* ApiServiceMock.swift */,
			);
			path = Mocks;
			sourceTree = "<group>";
		};
		EA8725CD27BED67D00860CB4 /* Utilities */ = {
			isa = PBXGroup;
			children = (
				EA8725CB27BED60500860CB4 /* DataError.swift */,
			);
			path = Utilities;
			sourceTree = "<group>";
		};
		EA93A3B527BFDC8400B0D85B /* Constant */ = {
			isa = PBXGroup;
			children = (
				EA93A3B627BFDC8E00B0D85B /* Urls.swift */,
				EA93A3B827BFDCDF00B0D85B /* Keys.swift */,
				EA307D4D27C2D1520034460F /* Defaults.swift */,
			);
			path = Constant;
			sourceTree = "<group>";
		};
/* End PBXGroup section */

/* Begin PBXNativeTarget section */
		EA0F9EE227BBFB760096CFB0 /* CarMisr */ = {
			isa = PBXNativeTarget;
			buildConfigurationList = EA0F9F0D27BBFB780096CFB0 /* Build configuration list for PBXNativeTarget "CarMisr" */;
			buildPhases = (
				1AFD372A537DFEA55F433C50 /* [CP] Check Pods Manifest.lock */,
				EA0F9EDF27BBFB760096CFB0 /* Sources */,
				EA0F9EE027BBFB760096CFB0 /* Frameworks */,
				EA0F9EE127BBFB760096CFB0 /* Resources */,
				69FBA4E24F38DF6488962607 /* [CP] Embed Pods Frameworks */,
			);
			buildRules = (
			);
			dependencies = (
			);
			name = CarMisr;
			productName = CarMisr;
			productReference = EA0F9EE327BBFB760096CFB0 /* CarMisr.app */;
			productType = "com.apple.product-type.application";
		};
		EA0F9EF827BBFB780096CFB0 /* CarMisrTests */ = {
			isa = PBXNativeTarget;
			buildConfigurationList = EA0F9F1027BBFB780096CFB0 /* Build configuration list for PBXNativeTarget "CarMisrTests" */;
			buildPhases = (
				B7907D365AC15C69533CBADE /* [CP] Check Pods Manifest.lock */,
				EA0F9EF527BBFB780096CFB0 /* Sources */,
				EA0F9EF627BBFB780096CFB0 /* Frameworks */,
				EA0F9EF727BBFB780096CFB0 /* Resources */,
			);
			buildRules = (
			);
			dependencies = (
				EA0F9EFB27BBFB780096CFB0 /* PBXTargetDependency */,
			);
			name = CarMisrTests;
			packageProductDependencies = (
			);
			productName = CarMisrTests;
			productReference = EA0F9EF927BBFB780096CFB0 /* CarMisrTests.xctest */;
			productType = "com.apple.product-type.bundle.unit-test";
		};
		EA0F9F0227BBFB780096CFB0 /* CarMisrUITests */ = {
			isa = PBXNativeTarget;
			buildConfigurationList = EA0F9F1327BBFB780096CFB0 /* Build configuration list for PBXNativeTarget "CarMisrUITests" */;
			buildPhases = (
				149438F321ADB4FF204D0308 /* [CP] Check Pods Manifest.lock */,
				EA0F9EFF27BBFB780096CFB0 /* Sources */,
				EA0F9F0027BBFB780096CFB0 /* Frameworks */,
				EA0F9F0127BBFB780096CFB0 /* Resources */,
				42DDE67D041F0DD6C2591070 /* [CP] Embed Pods Frameworks */,
			);
			buildRules = (
			);
			dependencies = (
				EA0F9F0527BBFB780096CFB0 /* PBXTargetDependency */,
			);
			name = CarMisrUITests;
			productName = CarMisrUITests;
			productReference = EA0F9F0327BBFB780096CFB0 /* CarMisrUITests.xctest */;
			productType = "com.apple.product-type.bundle.ui-testing";
		};
/* End PBXNativeTarget section */

/* Begin PBXProject section */
		EA0F9EDB27BBFB760096CFB0 /* Project object */ = {
			isa = PBXProject;
			attributes = {
				BuildIndependentTargetsInParallel = 1;
				LastSwiftUpdateCheck = 1320;
				LastUpgradeCheck = 1320;
				TargetAttributes = {
					EA0F9EE227BBFB760096CFB0 = {
						CreatedOnToolsVersion = 13.2.1;
					};
					EA0F9EF827BBFB780096CFB0 = {
						CreatedOnToolsVersion = 13.2.1;
						TestTargetID = EA0F9EE227BBFB760096CFB0;
					};
					EA0F9F0227BBFB780096CFB0 = {
						CreatedOnToolsVersion = 13.2.1;
						TestTargetID = EA0F9EE227BBFB760096CFB0;
					};
				};
			};
			buildConfigurationList = EA0F9EDE27BBFB760096CFB0 /* Build configuration list for PBXProject "CarMisr" */;
			compatibilityVersion = "Xcode 13.0";
			developmentRegion = en;
			hasScannedForEncodings = 0;
			knownRegions = (
				en,
				Base,
			);
			mainGroup = EA0F9EDA27BBFB760096CFB0;
			packageReferences = (
			);
			productRefGroup = EA0F9EE427BBFB760096CFB0 /* Products */;
			projectDirPath = "";
			projectRoot = "";
			targets = (
				EA0F9EE227BBFB760096CFB0 /* CarMisr */,
				EA0F9EF827BBFB780096CFB0 /* CarMisrTests */,
				EA0F9F0227BBFB780096CFB0 /* CarMisrUITests */,
			);
		};
/* End PBXProject section */

/* Begin PBXResourcesBuildPhase section */
		EA0F9EE127BBFB760096CFB0 /* Resources */ = {
			isa = PBXResourcesBuildPhase;
			buildActionMask = 2147483647;
			files = (
				EA0F9F5F27BC07730096CFB0 /* MakeViewController.xib in Resources */,
				EA0F9EF327BBFB780096CFB0 /* LaunchScreen.storyboard in Resources */,
				EA5904CF27BE2D8700AF22A7 /* ColorCollectionViewCell.xib in Resources */,
				EA0F9EF027BBFB780096CFB0 /* Assets.xcassets in Resources */,
				EA0F9F7427BC46760096CFB0 /* ModelTableViewCell.xib in Resources */,
				EA0F9F6927BC40180096CFB0 /* MakeTableViewCell.xib in Resources */,
				EA5904CB27BE2D6E00AF22A7 /* CollectionModelDetailsTableViewCell.xib in Resources */,
				EA5904D327BE2E6D00AF22A7 /* ModelDetailsViewController.xib in Resources */,
				EA0F9F7027BC45BD0096CFB0 /* ModelViewController.xib in Resources */,
				EA5904C727BE2D5600AF22A7 /* NormalModelDetailsTableViewCell.xib in Resources */,
			);
			runOnlyForDeploymentPostprocessing = 0;
		};
		EA0F9EF727BBFB780096CFB0 /* Resources */ = {
			isa = PBXResourcesBuildPhase;
			buildActionMask = 2147483647;
			files = (
			);
			runOnlyForDeploymentPostprocessing = 0;
		};
		EA0F9F0127BBFB780096CFB0 /* Resources */ = {
			isa = PBXResourcesBuildPhase;
			buildActionMask = 2147483647;
			files = (
			);
			runOnlyForDeploymentPostprocessing = 0;
		};
/* End PBXResourcesBuildPhase section */

/* Begin PBXShellScriptBuildPhase section */
		149438F321ADB4FF204D0308 /* [CP] Check Pods Manifest.lock */ = {
			isa = PBXShellScriptBuildPhase;
			buildActionMask = 2147483647;
			files = (
			);
			inputFileListPaths = (
			);
			inputPaths = (
				"${PODS_PODFILE_DIR_PATH}/Podfile.lock",
				"${PODS_ROOT}/Manifest.lock",
			);
			name = "[CP] Check Pods Manifest.lock";
			outputFileListPaths = (
			);
			outputPaths = (
				"$(DERIVED_FILE_DIR)/Pods-CarMisr-CarMisrUITests-checkManifestLockResult.txt",
			);
			runOnlyForDeploymentPostprocessing = 0;
			shellPath = /bin/sh;
			shellScript = "diff \"${PODS_PODFILE_DIR_PATH}/Podfile.lock\" \"${PODS_ROOT}/Manifest.lock\" > /dev/null\nif [ $? != 0 ] ; then\n    # print error to STDERR\n    echo \"error: The sandbox is not in sync with the Podfile.lock. Run 'pod install' or update your CocoaPods installation.\" >&2\n    exit 1\nfi\n# This output is used by Xcode 'outputs' to avoid re-running this script phase.\necho \"SUCCESS\" > \"${SCRIPT_OUTPUT_FILE_0}\"\n";
			showEnvVarsInLog = 0;
		};
		1AFD372A537DFEA55F433C50 /* [CP] Check Pods Manifest.lock */ = {
			isa = PBXShellScriptBuildPhase;
			buildActionMask = 2147483647;
			files = (
			);
			inputFileListPaths = (
			);
			inputPaths = (
				"${PODS_PODFILE_DIR_PATH}/Podfile.lock",
				"${PODS_ROOT}/Manifest.lock",
			);
			name = "[CP] Check Pods Manifest.lock";
			outputFileListPaths = (
			);
			outputPaths = (
				"$(DERIVED_FILE_DIR)/Pods-CarMisr-checkManifestLockResult.txt",
			);
			runOnlyForDeploymentPostprocessing = 0;
			shellPath = /bin/sh;
			shellScript = "diff \"${PODS_PODFILE_DIR_PATH}/Podfile.lock\" \"${PODS_ROOT}/Manifest.lock\" > /dev/null\nif [ $? != 0 ] ; then\n    # print error to STDERR\n    echo \"error: The sandbox is not in sync with the Podfile.lock. Run 'pod install' or update your CocoaPods installation.\" >&2\n    exit 1\nfi\n# This output is used by Xcode 'outputs' to avoid re-running this script phase.\necho \"SUCCESS\" > \"${SCRIPT_OUTPUT_FILE_0}\"\n";
			showEnvVarsInLog = 0;
		};
		42DDE67D041F0DD6C2591070 /* [CP] Embed Pods Frameworks */ = {
			isa = PBXShellScriptBuildPhase;
			buildActionMask = 2147483647;
			files = (
			);
			inputFileListPaths = (
				"${PODS_ROOT}/Target Support Files/Pods-CarMisr-CarMisrUITests/Pods-CarMisr-CarMisrUITests-frameworks-${CONFIGURATION}-input-files.xcfilelist",
			);
			name = "[CP] Embed Pods Frameworks";
			outputFileListPaths = (
				"${PODS_ROOT}/Target Support Files/Pods-CarMisr-CarMisrUITests/Pods-CarMisr-CarMisrUITests-frameworks-${CONFIGURATION}-output-files.xcfilelist",
			);
			runOnlyForDeploymentPostprocessing = 0;
			shellPath = /bin/sh;
			shellScript = "\"${PODS_ROOT}/Target Support Files/Pods-CarMisr-CarMisrUITests/Pods-CarMisr-CarMisrUITests-frameworks.sh\"\n";
			showEnvVarsInLog = 0;
		};
		69FBA4E24F38DF6488962607 /* [CP] Embed Pods Frameworks */ = {
			isa = PBXShellScriptBuildPhase;
			buildActionMask = 2147483647;
			files = (
			);
			inputFileListPaths = (
				"${PODS_ROOT}/Target Support Files/Pods-CarMisr/Pods-CarMisr-frameworks-${CONFIGURATION}-input-files.xcfilelist",
			);
			name = "[CP] Embed Pods Frameworks";
			outputFileListPaths = (
				"${PODS_ROOT}/Target Support Files/Pods-CarMisr/Pods-CarMisr-frameworks-${CONFIGURATION}-output-files.xcfilelist",
			);
			runOnlyForDeploymentPostprocessing = 0;
			shellPath = /bin/sh;
			shellScript = "\"${PODS_ROOT}/Target Support Files/Pods-CarMisr/Pods-CarMisr-frameworks.sh\"\n";
			showEnvVarsInLog = 0;
		};
		B7907D365AC15C69533CBADE /* [CP] Check Pods Manifest.lock */ = {
			isa = PBXShellScriptBuildPhase;
			buildActionMask = 2147483647;
			files = (
			);
			inputFileListPaths = (
			);
			inputPaths = (
				"${PODS_PODFILE_DIR_PATH}/Podfile.lock",
				"${PODS_ROOT}/Manifest.lock",
			);
			name = "[CP] Check Pods Manifest.lock";
			outputFileListPaths = (
			);
			outputPaths = (
				"$(DERIVED_FILE_DIR)/Pods-CarMisrTests-checkManifestLockResult.txt",
			);
			runOnlyForDeploymentPostprocessing = 0;
			shellPath = /bin/sh;
			shellScript = "diff \"${PODS_PODFILE_DIR_PATH}/Podfile.lock\" \"${PODS_ROOT}/Manifest.lock\" > /dev/null\nif [ $? != 0 ] ; then\n    # print error to STDERR\n    echo \"error: The sandbox is not in sync with the Podfile.lock. Run 'pod install' or update your CocoaPods installation.\" >&2\n    exit 1\nfi\n# This output is used by Xcode 'outputs' to avoid re-running this script phase.\necho \"SUCCESS\" > \"${SCRIPT_OUTPUT_FILE_0}\"\n";
			showEnvVarsInLog = 0;
		};
/* End PBXShellScriptBuildPhase section */

/* Begin PBXSourcesBuildPhase section */
		EA0F9EDF27BBFB760096CFB0 /* Sources */ = {
			isa = PBXSourcesBuildPhase;
			buildActionMask = 2147483647;
			files = (
				EA307D7127C409E20034460F /* BaseEndPoint.swift in Sources */,
				EA5904D927BE39E800AF22A7 /* NormalModelDetailsCellViewModel.swift in Sources */,
				EA5904D227BE2E6D00AF22A7 /* ModelDetailsViewController.swift in Sources */,
				EA307D6227C3E4BF0034460F /* TableViewCellExtension.swift in Sources */,
				EA0F9F8127BC50810096CFB0 /* ModelCellViewModel.swift in Sources */,
				EAE2183727BDC17400065763 /* ReactiveExtension.swift in Sources */,
				EA5904CA27BE2D6E00AF22A7 /* CollectionModelDetailsTableViewCell.swift in Sources */,
				EA307D7327C40DA70034460F /* MainEndPoints.swift in Sources */,
				EA0F9F5227BC03700096CFB0 /* ApiProtocol.swift in Sources */,
				EAE2183327BDB1E100065763 /* ObservableTypeExtension.swift in Sources */,
				EA5904CE27BE2D8700AF22A7 /* ColorCollectionViewCell.swift in Sources */,
				EA0F9F7F27BC4CC90096CFB0 /* ViewCellDelegate.swift in Sources */,
				EA5904DB27BE39FF00AF22A7 /* CollectionModelDetailsCellViewModel.swift in Sources */,
				EA0F9F6327BC3DEB0096CFB0 /* Colors.swift in Sources */,
				EA0F9F5B27BC064D0096CFB0 /* MainCoordinator.swift in Sources */,
				EA307D4827C272290034460F /* CarModelProtocol.swift in Sources */,
				EA0F9F5327BC03700096CFB0 /* ApiService.swift in Sources */,
				EA0F9F8327BC50900096CFB0 /* ModelViewModel.swift in Sources */,
				EA0F9EE727BBFB760096CFB0 /* AppDelegate.swift in Sources */,
				EA307D4E27C2D1520034460F /* Defaults.swift in Sources */,
				EA0F9F6F27BC45BD0096CFB0 /* ModelViewController.swift in Sources */,
				EA93A3B427BFDBE300B0D85B /* CarMakeService.swift in Sources */,
				EA0F9F7327BC46760096CFB0 /* ModelTableViewCell.swift in Sources */,
				EA5904D727BE348400AF22A7 /* ModelSpec.swift in Sources */,
				EA93A3B727BFDC8E00B0D85B /* Urls.swift in Sources */,
				EA307D5627C313C90034460F /* NavigationStack.swift in Sources */,
				EA5904D527BE2F8D00AF22A7 /* ModelDetailsViewModel.swift in Sources */,
				EA307D4C27C27C7C0034460F /* CarModelData.swift in Sources */,
				EA0F9F7A27BC4ADA0096CFB0 /* MakeCellViewModel.swift in Sources */,
				EA8725CA27BED54300860CB4 /* CarMakeProtocol.swift in Sources */,
				EA307D5427C3136A0034460F /* NavigationStackProtocol.swift in Sources */,
				EA0F9F5E27BC07730096CFB0 /* MakeViewController.swift in Sources */,
				EA0F9F8527BC51C70096CFB0 /* Model.swift in Sources */,
				EA307D4A27C272770034460F /* CarModelService.swift in Sources */,
				EA93A3B927BFDCDF00B0D85B /* Keys.swift in Sources */,
				EA5904C627BE2D5600AF22A7 /* NormalModelDetailsTableViewCell.swift in Sources */,
				EA0F9F7827BC4AC90096CFB0 /* MakeViewModel.swift in Sources */,
				EA307D5127C2D8430034460F /* PercentLayoutConstraint.swift in Sources */,
				EA8725BC27BEC39100860CB4 /* ColorExtension.swift in Sources */,
				EA0F9F6827BC40180096CFB0 /* MakeTableViewCell.swift in Sources */,
				EA0F9F5127BC03700096CFB0 /* ApiError.swift in Sources */,
				EA0F9F5927BC056F0096CFB0 /* AppCoordinator.swift in Sources */,
				EA0F9F7C27BC4B200096CFB0 /* Make.swift in Sources */,
				EA8725CC27BED60500860CB4 /* DataError.swift in Sources */,
				EA8725BA27BEC0FF00860CB4 /* ColorCellViewModel.swift in Sources */,
				EAE2183527BDC11F00065763 /* TableViewExtension.swift in Sources */,
				EA93A3BB27BFDF6A00B0D85B /* CarMakeData.swift in Sources */,
				EA307D6427C3E52D0034460F /* NameDescribable.swift in Sources */,
			);
			runOnlyForDeploymentPostprocessing = 0;
		};
		EA0F9EF527BBFB780096CFB0 /* Sources */ = {
			isa = PBXSourcesBuildPhase;
			buildActionMask = 2147483647;
			files = (
				EA307D5E27C3CC080034460F /* UserStubData.swift in Sources */,
				EA8725C227BECA3200860CB4 /* ApiServiceMock.swift in Sources */,
				EA307D6027C3CC260034460F /* Test_ApiService.swift in Sources */,
				EA8725BF27BEC86E00860CB4 /* Test_SelectMake.swift in Sources */,
				EA93A3C027C1721500B0D85B /* Test_SelectModel.swift in Sources */,
			);
			runOnlyForDeploymentPostprocessing = 0;
		};
		EA0F9EFF27BBFB780096CFB0 /* Sources */ = {
			isa = PBXSourcesBuildPhase;
			buildActionMask = 2147483647;
			files = (
				EA0F9F0A27BBFB780096CFB0 /* CarMisrUITestsLaunchTests.swift in Sources */,
				EA0F9F0827BBFB780096CFB0 /* CarMisrUITests.swift in Sources */,
			);
			runOnlyForDeploymentPostprocessing = 0;
		};
/* End PBXSourcesBuildPhase section */

/* Begin PBXTargetDependency section */
		EA0F9EFB27BBFB780096CFB0 /* PBXTargetDependency */ = {
			isa = PBXTargetDependency;
			target = EA0F9EE227BBFB760096CFB0 /* CarMisr */;
			targetProxy = EA0F9EFA27BBFB780096CFB0 /* PBXContainerItemProxy */;
		};
		EA0F9F0527BBFB780096CFB0 /* PBXTargetDependency */ = {
			isa = PBXTargetDependency;
			target = EA0F9EE227BBFB760096CFB0 /* CarMisr */;
			targetProxy = EA0F9F0427BBFB780096CFB0 /* PBXContainerItemProxy */;
		};
/* End PBXTargetDependency section */

/* Begin PBXVariantGroup section */
		EA0F9EF127BBFB780096CFB0 /* LaunchScreen.storyboard */ = {
			isa = PBXVariantGroup;
			children = (
				EA0F9EF227BBFB780096CFB0 /* Base */,
			);
			name = LaunchScreen.storyboard;
			sourceTree = "<group>";
		};
/* End PBXVariantGroup section */

/* Begin XCBuildConfiguration section */
		EA0F9F0B27BBFB780096CFB0 /* Debug */ = {
			isa = XCBuildConfiguration;
			buildSettings = {
				ALWAYS_SEARCH_USER_PATHS = NO;
				CLANG_ANALYZER_NONNULL = YES;
				CLANG_ANALYZER_NUMBER_OBJECT_CONVERSION = YES_AGGRESSIVE;
				CLANG_CXX_LANGUAGE_STANDARD = "gnu++17";
				CLANG_CXX_LIBRARY = "libc++";
				CLANG_ENABLE_MODULES = YES;
				CLANG_ENABLE_OBJC_ARC = YES;
				CLANG_ENABLE_OBJC_WEAK = YES;
				CLANG_WARN_BLOCK_CAPTURE_AUTORELEASING = YES;
				CLANG_WARN_BOOL_CONVERSION = YES;
				CLANG_WARN_COMMA = YES;
				CLANG_WARN_CONSTANT_CONVERSION = YES;
				CLANG_WARN_DEPRECATED_OBJC_IMPLEMENTATIONS = YES;
				CLANG_WARN_DIRECT_OBJC_ISA_USAGE = YES_ERROR;
				CLANG_WARN_DOCUMENTATION_COMMENTS = YES;
				CLANG_WARN_EMPTY_BODY = YES;
				CLANG_WARN_ENUM_CONVERSION = YES;
				CLANG_WARN_INFINITE_RECURSION = YES;
				CLANG_WARN_INT_CONVERSION = YES;
				CLANG_WARN_NON_LITERAL_NULL_CONVERSION = YES;
				CLANG_WARN_OBJC_IMPLICIT_RETAIN_SELF = YES;
				CLANG_WARN_OBJC_LITERAL_CONVERSION = YES;
				CLANG_WARN_OBJC_ROOT_CLASS = YES_ERROR;
				CLANG_WARN_QUOTED_INCLUDE_IN_FRAMEWORK_HEADER = YES;
				CLANG_WARN_RANGE_LOOP_ANALYSIS = YES;
				CLANG_WARN_STRICT_PROTOTYPES = YES;
				CLANG_WARN_SUSPICIOUS_MOVE = YES;
				CLANG_WARN_UNGUARDED_AVAILABILITY = YES_AGGRESSIVE;
				CLANG_WARN_UNREACHABLE_CODE = YES;
				CLANG_WARN__DUPLICATE_METHOD_MATCH = YES;
				COPY_PHASE_STRIP = NO;
				DEBUG_INFORMATION_FORMAT = dwarf;
				ENABLE_STRICT_OBJC_MSGSEND = YES;
				ENABLE_TESTABILITY = YES;
				GCC_C_LANGUAGE_STANDARD = gnu11;
				GCC_DYNAMIC_NO_PIC = NO;
				GCC_NO_COMMON_BLOCKS = YES;
				GCC_OPTIMIZATION_LEVEL = 0;
				GCC_PREPROCESSOR_DEFINITIONS = (
					"DEBUG=1",
					"$(inherited)",
				);
				GCC_WARN_64_TO_32_BIT_CONVERSION = YES;
				GCC_WARN_ABOUT_RETURN_TYPE = YES_ERROR;
				GCC_WARN_UNDECLARED_SELECTOR = YES;
				GCC_WARN_UNINITIALIZED_AUTOS = YES_AGGRESSIVE;
				GCC_WARN_UNUSED_FUNCTION = YES;
				GCC_WARN_UNUSED_VARIABLE = YES;
				IPHONEOS_DEPLOYMENT_TARGET = 15.2;
				MTL_ENABLE_DEBUG_INFO = INCLUDE_SOURCE;
				MTL_FAST_MATH = YES;
				ONLY_ACTIVE_ARCH = YES;
				SDKROOT = iphoneos;
				SWIFT_ACTIVE_COMPILATION_CONDITIONS = DEBUG;
				SWIFT_OPTIMIZATION_LEVEL = "-Onone";
			};
			name = Debug;
		};
		EA0F9F0C27BBFB780096CFB0 /* Release */ = {
			isa = XCBuildConfiguration;
			buildSettings = {
				ALWAYS_SEARCH_USER_PATHS = NO;
				CLANG_ANALYZER_NONNULL = YES;
				CLANG_ANALYZER_NUMBER_OBJECT_CONVERSION = YES_AGGRESSIVE;
				CLANG_CXX_LANGUAGE_STANDARD = "gnu++17";
				CLANG_CXX_LIBRARY = "libc++";
				CLANG_ENABLE_MODULES = YES;
				CLANG_ENABLE_OBJC_ARC = YES;
				CLANG_ENABLE_OBJC_WEAK = YES;
				CLANG_WARN_BLOCK_CAPTURE_AUTORELEASING = YES;
				CLANG_WARN_BOOL_CONVERSION = YES;
				CLANG_WARN_COMMA = YES;
				CLANG_WARN_CONSTANT_CONVERSION = YES;
				CLANG_WARN_DEPRECATED_OBJC_IMPLEMENTATIONS = YES;
				CLANG_WARN_DIRECT_OBJC_ISA_USAGE = YES_ERROR;
				CLANG_WARN_DOCUMENTATION_COMMENTS = YES;
				CLANG_WARN_EMPTY_BODY = YES;
				CLANG_WARN_ENUM_CONVERSION = YES;
				CLANG_WARN_INFINITE_RECURSION = YES;
				CLANG_WARN_INT_CONVERSION = YES;
				CLANG_WARN_NON_LITERAL_NULL_CONVERSION = YES;
				CLANG_WARN_OBJC_IMPLICIT_RETAIN_SELF = YES;
				CLANG_WARN_OBJC_LITERAL_CONVERSION = YES;
				CLANG_WARN_OBJC_ROOT_CLASS = YES_ERROR;
				CLANG_WARN_QUOTED_INCLUDE_IN_FRAMEWORK_HEADER = YES;
				CLANG_WARN_RANGE_LOOP_ANALYSIS = YES;
				CLANG_WARN_STRICT_PROTOTYPES = YES;
				CLANG_WARN_SUSPICIOUS_MOVE = YES;
				CLANG_WARN_UNGUARDED_AVAILABILITY = YES_AGGRESSIVE;
				CLANG_WARN_UNREACHABLE_CODE = YES;
				CLANG_WARN__DUPLICATE_METHOD_MATCH = YES;
				COPY_PHASE_STRIP = NO;
				DEBUG_INFORMATION_FORMAT = "dwarf-with-dsym";
				ENABLE_NS_ASSERTIONS = NO;
				ENABLE_STRICT_OBJC_MSGSEND = YES;
				GCC_C_LANGUAGE_STANDARD = gnu11;
				GCC_NO_COMMON_BLOCKS = YES;
				GCC_WARN_64_TO_32_BIT_CONVERSION = YES;
				GCC_WARN_ABOUT_RETURN_TYPE = YES_ERROR;
				GCC_WARN_UNDECLARED_SELECTOR = YES;
				GCC_WARN_UNINITIALIZED_AUTOS = YES_AGGRESSIVE;
				GCC_WARN_UNUSED_FUNCTION = YES;
				GCC_WARN_UNUSED_VARIABLE = YES;
				IPHONEOS_DEPLOYMENT_TARGET = 15.2;
				MTL_ENABLE_DEBUG_INFO = NO;
				MTL_FAST_MATH = YES;
				SDKROOT = iphoneos;
				SWIFT_COMPILATION_MODE = wholemodule;
				SWIFT_OPTIMIZATION_LEVEL = "-O";
				VALIDATE_PRODUCT = YES;
			};
			name = Release;
		};
		EA0F9F0E27BBFB780096CFB0 /* Debug */ = {
			isa = XCBuildConfiguration;
			baseConfigurationReference = 1757DE203DCB3A0A40068A4B /* Pods-CarMisr.debug.xcconfig */;
			buildSettings = {
				ASSETCATALOG_COMPILER_APPICON_NAME = AppIcon;
				ASSETCATALOG_COMPILER_GLOBAL_ACCENT_COLOR_NAME = AccentColor;
				CODE_SIGN_STYLE = Automatic;
				CURRENT_PROJECT_VERSION = 1;
				GENERATE_INFOPLIST_FILE = YES;
				INFOPLIST_FILE = CarMisr/Info.plist;
				INFOPLIST_KEY_UIApplicationSupportsIndirectInputEvents = YES;
				INFOPLIST_KEY_UILaunchStoryboardName = LaunchScreen;
				INFOPLIST_KEY_UISupportedInterfaceOrientations_iPad = "UIInterfaceOrientationPortrait UIInterfaceOrientationPortraitUpsideDown UIInterfaceOrientationLandscapeLeft UIInterfaceOrientationLandscapeRight";
				INFOPLIST_KEY_UISupportedInterfaceOrientations_iPhone = "UIInterfaceOrientationPortrait UIInterfaceOrientationLandscapeLeft UIInterfaceOrientationLandscapeRight";
				LD_RUNPATH_SEARCH_PATHS = (
					"$(inherited)",
					"@executable_path/Frameworks",
				);
				MARKETING_VERSION = 1.0;
				PRODUCT_BUNDLE_IDENTIFIER = abumandour.CarMisr;
				PRODUCT_NAME = "$(TARGET_NAME)";
				SWIFT_EMIT_LOC_STRINGS = YES;
				SWIFT_VERSION = 5.0;
				TARGETED_DEVICE_FAMILY = "1,2";
			};
			name = Debug;
		};
		EA0F9F0F27BBFB780096CFB0 /* Release */ = {
			isa = XCBuildConfiguration;
			baseConfigurationReference = 5EABD5BA220B00A8BD444BEE /* Pods-CarMisr.release.xcconfig */;
			buildSettings = {
				ASSETCATALOG_COMPILER_APPICON_NAME = AppIcon;
				ASSETCATALOG_COMPILER_GLOBAL_ACCENT_COLOR_NAME = AccentColor;
				CODE_SIGN_STYLE = Automatic;
				CURRENT_PROJECT_VERSION = 1;
				GENERATE_INFOPLIST_FILE = YES;
				INFOPLIST_FILE = CarMisr/Info.plist;
				INFOPLIST_KEY_UIApplicationSupportsIndirectInputEvents = YES;
				INFOPLIST_KEY_UILaunchStoryboardName = LaunchScreen;
				INFOPLIST_KEY_UISupportedInterfaceOrientations_iPad = "UIInterfaceOrientationPortrait UIInterfaceOrientationPortraitUpsideDown UIInterfaceOrientationLandscapeLeft UIInterfaceOrientationLandscapeRight";
				INFOPLIST_KEY_UISupportedInterfaceOrientations_iPhone = "UIInterfaceOrientationPortrait UIInterfaceOrientationLandscapeLeft UIInterfaceOrientationLandscapeRight";
				LD_RUNPATH_SEARCH_PATHS = (
					"$(inherited)",
					"@executable_path/Frameworks",
				);
				MARKETING_VERSION = 1.0;
				PRODUCT_BUNDLE_IDENTIFIER = abumandour.CarMisr;
				PRODUCT_NAME = "$(TARGET_NAME)";
				SWIFT_EMIT_LOC_STRINGS = YES;
				SWIFT_VERSION = 5.0;
				TARGETED_DEVICE_FAMILY = "1,2";
			};
			name = Release;
		};
		EA0F9F1127BBFB780096CFB0 /* Debug */ = {
			isa = XCBuildConfiguration;
			baseConfigurationReference = FEBAE772881C22B82EA3DEFC /* Pods-CarMisrTests.debug.xcconfig */;
			buildSettings = {
				ALWAYS_EMBED_SWIFT_STANDARD_LIBRARIES = YES;
				BUNDLE_LOADER = "$(TEST_HOST)";
				CODE_SIGN_STYLE = Automatic;
				CURRENT_PROJECT_VERSION = 1;
				GENERATE_INFOPLIST_FILE = YES;
				IPHONEOS_DEPLOYMENT_TARGET = 15.2;
				MARKETING_VERSION = 1.0;
				PRODUCT_BUNDLE_IDENTIFIER = abumandour.CarMisrTests;
				PRODUCT_NAME = "$(TARGET_NAME)";
				SWIFT_EMIT_LOC_STRINGS = NO;
				SWIFT_VERSION = 5.0;
				TARGETED_DEVICE_FAMILY = "1,2";
				TEST_HOST = "$(BUILT_PRODUCTS_DIR)/CarMisr.app/CarMisr";
			};
			name = Debug;
		};
		EA0F9F1227BBFB780096CFB0 /* Release */ = {
			isa = XCBuildConfiguration;
			baseConfigurationReference = D43F064CF816FE4C432D82FE /* Pods-CarMisrTests.release.xcconfig */;
			buildSettings = {
				ALWAYS_EMBED_SWIFT_STANDARD_LIBRARIES = YES;
				BUNDLE_LOADER = "$(TEST_HOST)";
				CODE_SIGN_STYLE = Automatic;
				CURRENT_PROJECT_VERSION = 1;
				GENERATE_INFOPLIST_FILE = YES;
				IPHONEOS_DEPLOYMENT_TARGET = 15.2;
				MARKETING_VERSION = 1.0;
				PRODUCT_BUNDLE_IDENTIFIER = abumandour.CarMisrTests;
				PRODUCT_NAME = "$(TARGET_NAME)";
				SWIFT_EMIT_LOC_STRINGS = NO;
				SWIFT_VERSION = 5.0;
				TARGETED_DEVICE_FAMILY = "1,2";
				TEST_HOST = "$(BUILT_PRODUCTS_DIR)/CarMisr.app/CarMisr";
			};
			name = Release;
		};
		EA0F9F1427BBFB780096CFB0 /* Debug */ = {
			isa = XCBuildConfiguration;
			baseConfigurationReference = 60CAC2260CABD4076003EA87 /* Pods-CarMisr-CarMisrUITests.debug.xcconfig */;
			buildSettings = {
				ALWAYS_EMBED_SWIFT_STANDARD_LIBRARIES = YES;
				CODE_SIGN_STYLE = Automatic;
				CURRENT_PROJECT_VERSION = 1;
				GENERATE_INFOPLIST_FILE = YES;
				MARKETING_VERSION = 1.0;
				PRODUCT_BUNDLE_IDENTIFIER = abumandour.CarMisrUITests;
				PRODUCT_NAME = "$(TARGET_NAME)";
				SWIFT_EMIT_LOC_STRINGS = NO;
				SWIFT_VERSION = 5.0;
				TARGETED_DEVICE_FAMILY = "1,2";
				TEST_TARGET_NAME = CarMisr;
			};
			name = Debug;
		};
		EA0F9F1527BBFB780096CFB0 /* Release */ = {
			isa = XCBuildConfiguration;
			baseConfigurationReference = 79C961A6C9C2B38FE6A759C2 /* Pods-CarMisr-CarMisrUITests.release.xcconfig */;
			buildSettings = {
				ALWAYS_EMBED_SWIFT_STANDARD_LIBRARIES = YES;
				CODE_SIGN_STYLE = Automatic;
				CURRENT_PROJECT_VERSION = 1;
				GENERATE_INFOPLIST_FILE = YES;
				MARKETING_VERSION = 1.0;
				PRODUCT_BUNDLE_IDENTIFIER = abumandour.CarMisrUITests;
				PRODUCT_NAME = "$(TARGET_NAME)";
				SWIFT_EMIT_LOC_STRINGS = NO;
				SWIFT_VERSION = 5.0;
				TARGETED_DEVICE_FAMILY = "1,2";
				TEST_TARGET_NAME = CarMisr;
			};
			name = Release;
		};
/* End XCBuildConfiguration section */

/* Begin XCConfigurationList section */
		EA0F9EDE27BBFB760096CFB0 /* Build configuration list for PBXProject "CarMisr" */ = {
			isa = XCConfigurationList;
			buildConfigurations = (
				EA0F9F0B27BBFB780096CFB0 /* Debug */,
				EA0F9F0C27BBFB780096CFB0 /* Release */,
			);
			defaultConfigurationIsVisible = 0;
			defaultConfigurationName = Release;
		};
		EA0F9F0D27BBFB780096CFB0 /* Build configuration list for PBXNativeTarget "CarMisr" */ = {
			isa = XCConfigurationList;
			buildConfigurations = (
				EA0F9F0E27BBFB780096CFB0 /* Debug */,
				EA0F9F0F27BBFB780096CFB0 /* Release */,
			);
			defaultConfigurationIsVisible = 0;
			defaultConfigurationName = Release;
		};
		EA0F9F1027BBFB780096CFB0 /* Build configuration list for PBXNativeTarget "CarMisrTests" */ = {
			isa = XCConfigurationList;
			buildConfigurations = (
				EA0F9F1127BBFB780096CFB0 /* Debug */,
				EA0F9F1227BBFB780096CFB0 /* Release */,
			);
			defaultConfigurationIsVisible = 0;
			defaultConfigurationName = Release;
		};
		EA0F9F1327BBFB780096CFB0 /* Build configuration list for PBXNativeTarget "CarMisrUITests" */ = {
			isa = XCConfigurationList;
			buildConfigurations = (
				EA0F9F1427BBFB780096CFB0 /* Debug */,
				EA0F9F1527BBFB780096CFB0 /* Release */,
			);
			defaultConfigurationIsVisible = 0;
			defaultConfigurationName = Release;
		};
/* End XCConfigurationList section */
	};
	rootObject = EA0F9EDB27BBFB760096CFB0 /* Project object */;
}
